PODS:
  - AlertToast (1.3.9)
  - Kanna (5.2.7)
  - SwiftLint (0.50.3)
  - UMAPM (1.8.1)
  - UMCommon (7.3.8):
    - UMDevice
  - UMDevice (2.2.1)

DEPENDENCIES:
  - AlertToast
  - Kanna
  - SwiftLint
  - UMAPM
  - UMCommon
  - UMDevice

SPEC REPOS:
  https://github.com/CocoaPods/Specs.git:
    - AlertToast
    - Kanna
    - SwiftLint
    - UMAPM
    - UMCommon
    - UMDevice

SPEC CHECKSUMS:
  AlertToast: e8db15da727beff75500bcf33a78cd617f408fa1
  Kanna: 01cfbddc127f5ff0963692f285fcbc8a9d62d234
  SwiftLint: 77f7cb2b9bb81ab4a12fcc86448ba3f11afa50c6
  UMAPM: 569616d3b4d91c670e6591b2698879286f9fa304
  UMCommon: fdb5bac9e7ec2aca4f9cfc0febf414b59ed302cb
  UMDevice: 053478c4b4d7292f31f0a275c227d3c4007a5571

PODFILE CHECKSUM: ad22484d0a772f927bbba69387d5f503eda19d84

COCOAPODS: 1.16.2
