PODS:
  - Kanna (5.2.7)
  - SwiftLint (0.47.0)
  - UMCommon (7.3.6):
    - UMDevice
  - UMDevice (2.2.1)

DEPENDENCIES:
  - Kanna
  - SwiftLint
  - UMCommon
  - UMDevice

SPEC REPOS:
  https://github.com/CocoaPods/Specs.git:
    - Kanna
    - SwiftLint
    - UMCommon
    - UMDevice

SPEC CHECKSUMS:
  Kanna: 01cfbddc127f5ff0963692f285fcbc8a9d62d234
  SwiftLint: d41cc46a2ae58ac6d9f26954bc89f1d72e71fdef
  UMCommon: c61df8457c275afd4f8a2fca10c7446d66220ac0
  UMDevice: 053478c4b4d7292f31f0a275c227d3c4007a5571

PODFILE CHECKSUM: 91905c532b0da550aac2859dd9031a578742807b

COCOAPODS: 1.11.3
