PODS:
  - Kanna (5.2.7)
  - SwiftLint (0.47.1)
  - UMCommon (7.3.7):
    - UMDevice
  - UMDevice (2.2.1)

DEPENDENCIES:
  - Kanna
  - SwiftLint
  - UMCommon
  - UMDevice

SPEC REPOS:
  https://github.com/CocoaPods/Specs.git:
    - Kanna
    - SwiftLint
    - UMCommon
    - UMDevice

SPEC CHECKSUMS:
  Kanna: 01cfbddc127f5ff0963692f285fcbc8a9d62d234
  SwiftLint: f80f1be7fa96d30e0aa68e58d45d4ea1ccaac519
  UMCommon: 37fe35f498e92cf57bbb06a086f02915fc35f211
  UMDevice: 053478c4b4d7292f31f0a275c227d3c4007a5571

PODFILE CHECKSUM: bac0d9601e2b83c4898c7abdf83012facbfc5905

COCOAPODS: 1.11.3
