// !$*UTF8*$!
{
	archiveVersion = 1;
	classes = {
	};
	objectVersion = 55;
	objects = {

/* Begin PBXBuildFile section */
		8143D171275C8F5D0036198D /* MineContentView.swift in Sources */ = {isa = PBXBuildFile; fileRef = 8143D170275C8F5C0036198D /* MineContentView.swift */; };
		8143D173275C9DFB0036198D /* HomeContentView.swift in Sources */ = {isa = PBXBuildFile; fileRef = 8143D172275C9DFA0036198D /* HomeContentView.swift */; };
		8180BB33275B78880055E1F5 /* TopicListContentView.swift in Sources */ = {isa = PBXBuildFile; fileRef = 8180BB32275B78870055E1F5 /* TopicListContentView.swift */; };
		EF082EEB275EF85900056BCA /* DaySignContentView.swift in Sources */ = {isa = PBXBuildFile; fileRef = EF082EEA275EF85900056BCA /* DaySignContentView.swift */; };
		EF082EED275F0C6A00056BCA /* Color+Extension.swift in Sources */ = {isa = PBXBuildFile; fileRef = EF082EEC275F0C6A00056BCA /* Color+Extension.swift */; };
		EF082EEF275F3ACB00056BCA /* UINavigationController+Extension.swift in Sources */ = {isa = PBXBuildFile; fileRef = EF082EEE275F3ACB00056BCA /* UINavigationController+Extension.swift */; };
		EF082EF1275F4AC400056BCA /* SignListContentView.swift in Sources */ = {isa = PBXBuildFile; fileRef = EF082EF0275F4AC400056BCA /* SignListContentView.swift */; };
		EF082EF3275F4B1C00056BCA /* SignDayListContentView.swift in Sources */ = {isa = PBXBuildFile; fileRef = EF082EF2275F4B1C00056BCA /* SignDayListContentView.swift */; };
		EF55F4C9275A0B0500B78C95 /* View+Extension.swift in Sources */ = {isa = PBXBuildFile; fileRef = EF55F4C8275A0B0500B78C95 /* View+Extension.swift */; };
		EF6211D52761D8FA00F833B4 /* ApplicationDelegate.swift in Sources */ = {isa = PBXBuildFile; fileRef = EF6211D42761D8FA00F833B4 /* ApplicationDelegate.swift */; };
		EF6211D72761ECEA00F833B4 /* Appearance.swift in Sources */ = {isa = PBXBuildFile; fileRef = EF6211D62761ECEA00F833B4 /* Appearance.swift */; };
		EF70CDEA277AA1B20049D830 /* WidgetKit.framework in Frameworks */ = {isa = PBXBuildFile; fileRef = EF70CDE9277AA1B20049D830 /* WidgetKit.framework */; };
		EF70CDEC277AA1B20049D830 /* SwiftUI.framework in Frameworks */ = {isa = PBXBuildFile; fileRef = EF70CDEB277AA1B20049D830 /* SwiftUI.framework */; };
		EF70CDEF277AA1B20049D830 /* TopicWidget.swift in Sources */ = {isa = PBXBuildFile; fileRef = EF70CDEE277AA1B20049D830 /* TopicWidget.swift */; };
		EF70CDF1277AA1B30049D830 /* Assets.xcassets in Resources */ = {isa = PBXBuildFile; fileRef = EF70CDF0277AA1B30049D830 /* Assets.xcassets */; };
		EF70CDF5277AA1B30049D830 /* TopicWidgetExtension.appex in Embed App Extensions */ = {isa = PBXBuildFile; fileRef = EF70CDE8277AA1B20049D830 /* TopicWidgetExtension.appex */; settings = {ATTRIBUTES = (RemoveHeadersOnCopy, ); }; };
		EF70CDFA277AAA600049D830 /* Color+Extension.swift in Sources */ = {isa = PBXBuildFile; fileRef = EF082EEC275F0C6A00056BCA /* Color+Extension.swift */; };
		EF70CDFB277AAA660049D830 /* Font+Extension.swift in Sources */ = {isa = PBXBuildFile; fileRef = EFB4314C27608B3A00319073 /* Font+Extension.swift */; };
		EF70CDFC277AB03C0049D830 /* Foundation+Extension.swift in Sources */ = {isa = PBXBuildFile; fileRef = EF8A7A252766F2500092E53C /* Foundation+Extension.swift */; };
		EF7177EE27857A8700113670 /* GifImage.swift in Sources */ = {isa = PBXBuildFile; fileRef = EF7177ED27857A8700113670 /* GifImage.swift */; };
		EF72A1DA277C3C2900E062F2 /* WidgetIntents.intentdefinition in Sources */ = {isa = PBXBuildFile; fileRef = EFD6BA62277BFA4F0060239D /* WidgetIntents.intentdefinition */; };
		EF80AAC927682EF700C045D6 /* CacheInfo.swift in Sources */ = {isa = PBXBuildFile; fileRef = EF80AAC827682EF700C045D6 /* CacheInfo.swift */; };
		EF83EDE92768779C00EED0F5 /* Dialog.swift in Sources */ = {isa = PBXBuildFile; fileRef = EF83EDE82768779C00EED0F5 /* Dialog.swift */; };
		EF8A7A262766F2500092E53C /* Foundation+Extension.swift in Sources */ = {isa = PBXBuildFile; fileRef = EF8A7A252766F2500092E53C /* Foundation+Extension.swift */; };
		EF8A7A282766F3110092E53C /* UserInfo.swift in Sources */ = {isa = PBXBuildFile; fileRef = EF8A7A272766F3110092E53C /* UserInfo.swift */; };
		EF8A7A2B2766F3950092E53C /* Constants.swift in Sources */ = {isa = PBXBuildFile; fileRef = EF8A7A2A2766F3950092E53C /* Constants.swift */; };
		EF9012802761A3D90079BF4C /* HUD.swift in Sources */ = {isa = PBXBuildFile; fileRef = EF90127F2761A3D90079BF4C /* HUD.swift */; };
		EFA1350C277C3A540060A172 /* Intents.framework in Frameworks */ = {isa = PBXBuildFile; fileRef = EFD6BA6D277C07650060239D /* Intents.framework */; };
		EFA1350F277C3A540060A172 /* IntentHandler.swift in Sources */ = {isa = PBXBuildFile; fileRef = EFA1350E277C3A540060A172 /* IntentHandler.swift */; };
		EFA13513277C3A540060A172 /* WidgetIntentHandler.appex in Embed App Extensions */ = {isa = PBXBuildFile; fileRef = EFA1350B277C3A540060A172 /* WidgetIntentHandler.appex */; settings = {ATTRIBUTES = (RemoveHeadersOnCopy, ); }; };
		EFAA2A8D277025A000A83E44 /* SettingContentView.swift in Sources */ = {isa = PBXBuildFile; fileRef = EFAA2A8C277025A000A83E44 /* SettingContentView.swift */; };
		EFB4314B276045A300319073 /* Networking.swift in Sources */ = {isa = PBXBuildFile; fileRef = EFB4314A276045A300319073 /* Networking.swift */; };
		EFB4314D27608B3A00319073 /* Font+Extension.swift in Sources */ = {isa = PBXBuildFile; fileRef = EFB4314C27608B3A00319073 /* Font+Extension.swift */; };
		EFB4314F2760ACB300319073 /* LoginContentView.swift in Sources */ = {isa = PBXBuildFile; fileRef = EFB4314E2760ACB300319073 /* LoginContentView.swift */; };
		EFBE964C277D4F4800481170 /* ProfileTopicContentView.swift in Sources */ = {isa = PBXBuildFile; fileRef = EFBE964B277D4F4800481170 /* ProfileTopicContentView.swift */; };
		EFBE964E277D4FED00481170 /* FriendVisitorContentView.swift in Sources */ = {isa = PBXBuildFile; fileRef = EFBE964D277D4FED00481170 /* FriendVisitorContentView.swift */; };
		EFBE9650277D501200481170 /* MessageBoardContentView.swift in Sources */ = {isa = PBXBuildFile; fileRef = EFBE964F277D501200481170 /* MessageBoardContentView.swift */; };
		EFC6D5D52772C2EC00C9B0E0 /* Launch Screen.storyboard in Resources */ = {isa = PBXBuildFile; fileRef = EFC6D5D42772C2EC00C9B0E0 /* Launch Screen.storyboard */; };
		EFD6BA66277C05980060239D /* WidgetIntents.intentdefinition in Sources */ = {isa = PBXBuildFile; fileRef = EFD6BA62277BFA4F0060239D /* WidgetIntents.intentdefinition */; };
		EFD6BA67277C05B20060239D /* ProfileWidget.swift in Sources */ = {isa = PBXBuildFile; fileRef = EFD6BA64277C02BC0060239D /* ProfileWidget.swift */; };
		EFE76C5D2759EE3B00D89EA6 /* MseaApp.swift in Sources */ = {isa = PBXBuildFile; fileRef = EFE76C5C2759EE3B00D89EA6 /* MseaApp.swift */; };
		EFE76C5F2759EE3B00D89EA6 /* ContentView.swift in Sources */ = {isa = PBXBuildFile; fileRef = EFE76C5E2759EE3B00D89EA6 /* ContentView.swift */; };
		EFE76C612759EE3C00D89EA6 /* Assets.xcassets in Resources */ = {isa = PBXBuildFile; fileRef = EFE76C602759EE3C00D89EA6 /* Assets.xcassets */; };
		EFE76C642759EE3C00D89EA6 /* Preview Assets.xcassets in Resources */ = {isa = PBXBuildFile; fileRef = EFE76C632759EE3C00D89EA6 /* Preview Assets.xcassets */; };
		EFF1F11C2774680F004EF697 /* LocalNotification.swift in Sources */ = {isa = PBXBuildFile; fileRef = EFF1F11B2774680F004EF697 /* LocalNotification.swift */; };
		FB3006F33310F31A89060749 /* Pods_Msea.framework in Frameworks */ = {isa = PBXBuildFile; fileRef = 7606A8EEA1BD777F45CBF959 /* Pods_Msea.framework */; };
		FF6F54D60DAE88CB4DCB885B /* Pods_TopicWidgetExtension.framework in Frameworks */ = {isa = PBXBuildFile; fileRef = A50DF2A3B18C0CBCE0319DC6 /* Pods_TopicWidgetExtension.framework */; };
/* End PBXBuildFile section */

/* Begin PBXContainerItemProxy section */
		EF70CDF3277AA1B30049D830 /* PBXContainerItemProxy */ = {
			isa = PBXContainerItemProxy;
			containerPortal = EFE76C512759EE3B00D89EA6 /* Project object */;
			proxyType = 1;
			remoteGlobalIDString = EF70CDE7277AA1B20049D830;
			remoteInfo = TopicWidgetExtension;
		};
		EFA13511277C3A540060A172 /* PBXContainerItemProxy */ = {
			isa = PBXContainerItemProxy;
			containerPortal = EFE76C512759EE3B00D89EA6 /* Project object */;
			proxyType = 1;
			remoteGlobalIDString = EFA1350A277C3A540060A172;
			remoteInfo = WidgetIntentHandler;
		};
/* End PBXContainerItemProxy section */

/* Begin PBXCopyFilesBuildPhase section */
		EF70CDF6277AA1B30049D830 /* Embed App Extensions */ = {
			isa = PBXCopyFilesBuildPhase;
			buildActionMask = 2147483647;
			dstPath = "";
			dstSubfolderSpec = 13;
			files = (
				EF70CDF5277AA1B30049D830 /* TopicWidgetExtension.appex in Embed App Extensions */,
				EFA13513277C3A540060A172 /* WidgetIntentHandler.appex in Embed App Extensions */,
			);
			name = "Embed App Extensions";
			runOnlyForDeploymentPostprocessing = 0;
		};
/* End PBXCopyFilesBuildPhase section */

/* Begin PBXFileReference section */
		1C2D4951103DE0C049C9D063 /* Pods-TopicWidgetExtension.release.xcconfig */ = {isa = PBXFileReference; includeInIndex = 1; lastKnownFileType = text.xcconfig; name = "Pods-TopicWidgetExtension.release.xcconfig"; path = "Target Support Files/Pods-TopicWidgetExtension/Pods-TopicWidgetExtension.release.xcconfig"; sourceTree = "<group>"; };
		7606A8EEA1BD777F45CBF959 /* Pods_Msea.framework */ = {isa = PBXFileReference; explicitFileType = wrapper.framework; includeInIndex = 0; path = Pods_Msea.framework; sourceTree = BUILT_PRODUCTS_DIR; };
		8143D170275C8F5C0036198D /* MineContentView.swift */ = {isa = PBXFileReference; lastKnownFileType = sourcecode.swift; path = MineContentView.swift; sourceTree = "<group>"; };
		8143D172275C9DFA0036198D /* HomeContentView.swift */ = {isa = PBXFileReference; lastKnownFileType = sourcecode.swift; path = HomeContentView.swift; sourceTree = "<group>"; };
		8180BB32275B78870055E1F5 /* TopicListContentView.swift */ = {isa = PBXFileReference; lastKnownFileType = sourcecode.swift; path = TopicListContentView.swift; sourceTree = "<group>"; };
		9A536744D188758A4840C194 /* Pods-Msea.release.xcconfig */ = {isa = PBXFileReference; includeInIndex = 1; lastKnownFileType = text.xcconfig; name = "Pods-Msea.release.xcconfig"; path = "Target Support Files/Pods-Msea/Pods-Msea.release.xcconfig"; sourceTree = "<group>"; };
		A50DF2A3B18C0CBCE0319DC6 /* Pods_TopicWidgetExtension.framework */ = {isa = PBXFileReference; explicitFileType = wrapper.framework; includeInIndex = 0; path = Pods_TopicWidgetExtension.framework; sourceTree = BUILT_PRODUCTS_DIR; };
		BA26334146152E48BA4E44D8 /* Pods-Msea.debug.xcconfig */ = {isa = PBXFileReference; includeInIndex = 1; lastKnownFileType = text.xcconfig; name = "Pods-Msea.debug.xcconfig"; path = "Target Support Files/Pods-Msea/Pods-Msea.debug.xcconfig"; sourceTree = "<group>"; };
		BE4936BAEE7BB55407068ED7 /* Pods-TopicWidgetExtension.debug.xcconfig */ = {isa = PBXFileReference; includeInIndex = 1; lastKnownFileType = text.xcconfig; name = "Pods-TopicWidgetExtension.debug.xcconfig"; path = "Target Support Files/Pods-TopicWidgetExtension/Pods-TopicWidgetExtension.debug.xcconfig"; sourceTree = "<group>"; };
		EF082EEA275EF85900056BCA /* DaySignContentView.swift */ = {isa = PBXFileReference; lastKnownFileType = sourcecode.swift; path = DaySignContentView.swift; sourceTree = "<group>"; };
		EF082EEC275F0C6A00056BCA /* Color+Extension.swift */ = {isa = PBXFileReference; lastKnownFileType = sourcecode.swift; path = "Color+Extension.swift"; sourceTree = "<group>"; };
		EF082EEE275F3ACB00056BCA /* UINavigationController+Extension.swift */ = {isa = PBXFileReference; lastKnownFileType = sourcecode.swift; path = "UINavigationController+Extension.swift"; sourceTree = "<group>"; };
		EF082EF0275F4AC400056BCA /* SignListContentView.swift */ = {isa = PBXFileReference; lastKnownFileType = sourcecode.swift; path = SignListContentView.swift; sourceTree = "<group>"; };
		EF082EF2275F4B1C00056BCA /* SignDayListContentView.swift */ = {isa = PBXFileReference; lastKnownFileType = sourcecode.swift; path = SignDayListContentView.swift; sourceTree = "<group>"; };
		EF55F4C8275A0B0500B78C95 /* View+Extension.swift */ = {isa = PBXFileReference; lastKnownFileType = sourcecode.swift; path = "View+Extension.swift"; sourceTree = "<group>"; };
		EF6211D42761D8FA00F833B4 /* ApplicationDelegate.swift */ = {isa = PBXFileReference; lastKnownFileType = sourcecode.swift; path = ApplicationDelegate.swift; sourceTree = "<group>"; };
		EF6211D62761ECEA00F833B4 /* Appearance.swift */ = {isa = PBXFileReference; lastKnownFileType = sourcecode.swift; path = Appearance.swift; sourceTree = "<group>"; };
		EF70CDE8277AA1B20049D830 /* TopicWidgetExtension.appex */ = {isa = PBXFileReference; explicitFileType = "wrapper.app-extension"; includeInIndex = 0; path = TopicWidgetExtension.appex; sourceTree = BUILT_PRODUCTS_DIR; };
		EF70CDE9277AA1B20049D830 /* WidgetKit.framework */ = {isa = PBXFileReference; lastKnownFileType = wrapper.framework; name = WidgetKit.framework; path = System/Library/Frameworks/WidgetKit.framework; sourceTree = SDKROOT; };
		EF70CDEB277AA1B20049D830 /* SwiftUI.framework */ = {isa = PBXFileReference; lastKnownFileType = wrapper.framework; name = SwiftUI.framework; path = System/Library/Frameworks/SwiftUI.framework; sourceTree = SDKROOT; };
		EF70CDEE277AA1B20049D830 /* TopicWidget.swift */ = {isa = PBXFileReference; lastKnownFileType = sourcecode.swift; path = TopicWidget.swift; sourceTree = "<group>"; };
		EF70CDF0277AA1B30049D830 /* Assets.xcassets */ = {isa = PBXFileReference; lastKnownFileType = folder.assetcatalog; path = Assets.xcassets; sourceTree = "<group>"; };
		EF70CDF2277AA1B30049D830 /* Info.plist */ = {isa = PBXFileReference; lastKnownFileType = text.plist.xml; path = Info.plist; sourceTree = "<group>"; };
		EF7177ED27857A8700113670 /* GifImage.swift */ = {isa = PBXFileReference; lastKnownFileType = sourcecode.swift; path = GifImage.swift; sourceTree = "<group>"; };
		EF80AAC827682EF700C045D6 /* CacheInfo.swift */ = {isa = PBXFileReference; lastKnownFileType = sourcecode.swift; path = CacheInfo.swift; sourceTree = "<group>"; };
		EF83EDE82768779C00EED0F5 /* Dialog.swift */ = {isa = PBXFileReference; lastKnownFileType = sourcecode.swift; path = Dialog.swift; sourceTree = "<group>"; };
		EF8A7A252766F2500092E53C /* Foundation+Extension.swift */ = {isa = PBXFileReference; lastKnownFileType = sourcecode.swift; path = "Foundation+Extension.swift"; sourceTree = "<group>"; };
		EF8A7A272766F3110092E53C /* UserInfo.swift */ = {isa = PBXFileReference; lastKnownFileType = sourcecode.swift; path = UserInfo.swift; sourceTree = "<group>"; };
		EF8A7A2A2766F3950092E53C /* Constants.swift */ = {isa = PBXFileReference; lastKnownFileType = sourcecode.swift; path = Constants.swift; sourceTree = "<group>"; };
		EF90127F2761A3D90079BF4C /* HUD.swift */ = {isa = PBXFileReference; lastKnownFileType = sourcecode.swift; path = HUD.swift; sourceTree = "<group>"; };
		EFA1350B277C3A540060A172 /* WidgetIntentHandler.appex */ = {isa = PBXFileReference; explicitFileType = "wrapper.app-extension"; includeInIndex = 0; path = WidgetIntentHandler.appex; sourceTree = BUILT_PRODUCTS_DIR; };
		EFA1350E277C3A540060A172 /* IntentHandler.swift */ = {isa = PBXFileReference; lastKnownFileType = sourcecode.swift; path = IntentHandler.swift; sourceTree = "<group>"; };
		EFA13510277C3A540060A172 /* Info.plist */ = {isa = PBXFileReference; lastKnownFileType = text.plist.xml; path = Info.plist; sourceTree = "<group>"; };
		EFAA2A8C277025A000A83E44 /* SettingContentView.swift */ = {isa = PBXFileReference; lastKnownFileType = sourcecode.swift; path = SettingContentView.swift; sourceTree = "<group>"; };
		EFB4314A276045A300319073 /* Networking.swift */ = {isa = PBXFileReference; lastKnownFileType = sourcecode.swift; path = Networking.swift; sourceTree = "<group>"; };
		EFB4314C27608B3A00319073 /* Font+Extension.swift */ = {isa = PBXFileReference; lastKnownFileType = sourcecode.swift; path = "Font+Extension.swift"; sourceTree = "<group>"; };
		EFB4314E2760ACB300319073 /* LoginContentView.swift */ = {isa = PBXFileReference; lastKnownFileType = sourcecode.swift; path = LoginContentView.swift; sourceTree = "<group>"; };
		EFBE964B277D4F4800481170 /* ProfileTopicContentView.swift */ = {isa = PBXFileReference; lastKnownFileType = sourcecode.swift; path = ProfileTopicContentView.swift; sourceTree = "<group>"; };
		EFBE964D277D4FED00481170 /* FriendVisitorContentView.swift */ = {isa = PBXFileReference; lastKnownFileType = sourcecode.swift; path = FriendVisitorContentView.swift; sourceTree = "<group>"; };
		EFBE964F277D501200481170 /* MessageBoardContentView.swift */ = {isa = PBXFileReference; lastKnownFileType = sourcecode.swift; path = MessageBoardContentView.swift; sourceTree = "<group>"; };
		EFC6D5D42772C2EC00C9B0E0 /* Launch Screen.storyboard */ = {isa = PBXFileReference; lastKnownFileType = file.storyboard; path = "Launch Screen.storyboard"; sourceTree = "<group>"; };
		EFD6BA62277BFA4F0060239D /* WidgetIntents.intentdefinition */ = {isa = PBXFileReference; lastKnownFileType = file.intentdefinition; path = WidgetIntents.intentdefinition; sourceTree = "<group>"; };
		EFD6BA64277C02BC0060239D /* ProfileWidget.swift */ = {isa = PBXFileReference; fileEncoding = 4; lastKnownFileType = sourcecode.swift; path = ProfileWidget.swift; sourceTree = "<group>"; };
		EFD6BA6D277C07650060239D /* Intents.framework */ = {isa = PBXFileReference; lastKnownFileType = wrapper.framework; name = Intents.framework; path = System/Library/Frameworks/Intents.framework; sourceTree = SDKROOT; };
		EFE4102A2771DC7E0074248E /* Info.plist */ = {isa = PBXFileReference; lastKnownFileType = text.plist.xml; path = Info.plist; sourceTree = "<group>"; };
		EFE76C592759EE3B00D89EA6 /* Msea.app */ = {isa = PBXFileReference; explicitFileType = wrapper.application; includeInIndex = 0; path = Msea.app; sourceTree = BUILT_PRODUCTS_DIR; };
		EFE76C5C2759EE3B00D89EA6 /* MseaApp.swift */ = {isa = PBXFileReference; lastKnownFileType = sourcecode.swift; path = MseaApp.swift; sourceTree = "<group>"; };
		EFE76C5E2759EE3B00D89EA6 /* ContentView.swift */ = {isa = PBXFileReference; lastKnownFileType = sourcecode.swift; path = ContentView.swift; sourceTree = "<group>"; };
		EFE76C602759EE3C00D89EA6 /* Assets.xcassets */ = {isa = PBXFileReference; lastKnownFileType = folder.assetcatalog; path = Assets.xcassets; sourceTree = "<group>"; };
		EFE76C632759EE3C00D89EA6 /* Preview Assets.xcassets */ = {isa = PBXFileReference; lastKnownFileType = folder.assetcatalog; path = "Preview Assets.xcassets"; sourceTree = "<group>"; };
		EFF1F11B2774680F004EF697 /* LocalNotification.swift */ = {isa = PBXFileReference; lastKnownFileType = sourcecode.swift; path = LocalNotification.swift; sourceTree = "<group>"; };
/* End PBXFileReference section */

/* Begin PBXFrameworksBuildPhase section */
		EF70CDE5277AA1B20049D830 /* Frameworks */ = {
			isa = PBXFrameworksBuildPhase;
			buildActionMask = 2147483647;
			files = (
				EF70CDEC277AA1B20049D830 /* SwiftUI.framework in Frameworks */,
				EF70CDEA277AA1B20049D830 /* WidgetKit.framework in Frameworks */,
				FF6F54D60DAE88CB4DCB885B /* Pods_TopicWidgetExtension.framework in Frameworks */,
			);
			runOnlyForDeploymentPostprocessing = 0;
		};
		EFA13508277C3A540060A172 /* Frameworks */ = {
			isa = PBXFrameworksBuildPhase;
			buildActionMask = 2147483647;
			files = (
				EFA1350C277C3A540060A172 /* Intents.framework in Frameworks */,
			);
			runOnlyForDeploymentPostprocessing = 0;
		};
		EFE76C562759EE3B00D89EA6 /* Frameworks */ = {
			isa = PBXFrameworksBuildPhase;
			buildActionMask = 2147483647;
			files = (
				FB3006F33310F31A89060749 /* Pods_Msea.framework in Frameworks */,
			);
			runOnlyForDeploymentPostprocessing = 0;
		};
/* End PBXFrameworksBuildPhase section */

/* Begin PBXGroup section */
		8143D16F275C8F280036198D /* Mine */ = {
			isa = PBXGroup;
			children = (
				8143D170275C8F5C0036198D /* MineContentView.swift */,
				EFBE964B277D4F4800481170 /* ProfileTopicContentView.swift */,
				EFBE964D277D4FED00481170 /* FriendVisitorContentView.swift */,
				EFBE964F277D501200481170 /* MessageBoardContentView.swift */,
				EFB4314E2760ACB300319073 /* LoginContentView.swift */,
				EFAA2A8C277025A000A83E44 /* SettingContentView.swift */,
			);
			path = Mine;
			sourceTree = "<group>";
		};
		8180BB31275B78440055E1F5 /* Home */ = {
			isa = PBXGroup;
			children = (
				8143D172275C9DFA0036198D /* HomeContentView.swift */,
				8180BB32275B78870055E1F5 /* TopicListContentView.swift */,
				EF082EEA275EF85900056BCA /* DaySignContentView.swift */,
				EF082EF0275F4AC400056BCA /* SignListContentView.swift */,
				EF082EF2275F4B1C00056BCA /* SignDayListContentView.swift */,
			);
			path = Home;
			sourceTree = "<group>";
		};
		8E28B34AB5F4C4ED14A412FC /* Frameworks */ = {
			isa = PBXGroup;
			children = (
				7606A8EEA1BD777F45CBF959 /* Pods_Msea.framework */,
				EF70CDE9277AA1B20049D830 /* WidgetKit.framework */,
				EF70CDEB277AA1B20049D830 /* SwiftUI.framework */,
				A50DF2A3B18C0CBCE0319DC6 /* Pods_TopicWidgetExtension.framework */,
				EFD6BA6D277C07650060239D /* Intents.framework */,
			);
			name = Frameworks;
			sourceTree = "<group>";
		};
		9C6C4775FCC0808EF699E19F /* Pods */ = {
			isa = PBXGroup;
			children = (
				BA26334146152E48BA4E44D8 /* Pods-Msea.debug.xcconfig */,
				9A536744D188758A4840C194 /* Pods-Msea.release.xcconfig */,
				BE4936BAEE7BB55407068ED7 /* Pods-TopicWidgetExtension.debug.xcconfig */,
				1C2D4951103DE0C049C9D063 /* Pods-TopicWidgetExtension.release.xcconfig */,
			);
			path = Pods;
			sourceTree = "<group>";
		};
		EF2E32782759F75D005151DE /* App */ = {
			isa = PBXGroup;
			children = (
				EFE76C5C2759EE3B00D89EA6 /* MseaApp.swift */,
				EFE76C5E2759EE3B00D89EA6 /* ContentView.swift */,
				EF6211D42761D8FA00F833B4 /* ApplicationDelegate.swift */,
				EF6211D62761ECEA00F833B4 /* Appearance.swift */,
			);
			path = App;
			sourceTree = "<group>";
		};
		EF2E32792759F767005151DE /* Resources */ = {
			isa = PBXGroup;
			children = (
				EFC6D5D42772C2EC00C9B0E0 /* Launch Screen.storyboard */,
				EFE76C602759EE3C00D89EA6 /* Assets.xcassets */,
				EFE76C622759EE3C00D89EA6 /* Preview Content */,
			);
			path = Resources;
			sourceTree = "<group>";
		};
		EF55F4C5275A0AA700B78C95 /* Sources */ = {
			isa = PBXGroup;
			children = (
				8180BB31275B78440055E1F5 /* Home */,
				8143D16F275C8F280036198D /* Mine */,
				EF2E32782759F75D005151DE /* App */,
				EF55F4C6275A0AC400B78C95 /* Utils */,
			);
			path = Sources;
			sourceTree = "<group>";
		};
		EF55F4C6275A0AC400B78C95 /* Utils */ = {
			isa = PBXGroup;
			children = (
				EF7177EC27857A7400113670 /* UIKit */,
				EF8A7A292766F3860092E53C /* Others */,
				EF90127E2761A3CB0079BF4C /* Tools */,
				EFB431492760456C00319073 /* Netwroking */,
				EF55F4C7275A0ACD00B78C95 /* Extensions */,
			);
			path = Utils;
			sourceTree = "<group>";
		};
		EF55F4C7275A0ACD00B78C95 /* Extensions */ = {
			isa = PBXGroup;
			children = (
				EF55F4C8275A0B0500B78C95 /* View+Extension.swift */,
				EF082EEC275F0C6A00056BCA /* Color+Extension.swift */,
				EFB4314C27608B3A00319073 /* Font+Extension.swift */,
				EF082EEE275F3ACB00056BCA /* UINavigationController+Extension.swift */,
				EF8A7A252766F2500092E53C /* Foundation+Extension.swift */,
			);
			path = Extensions;
			sourceTree = "<group>";
		};
		EF70CDED277AA1B20049D830 /* TopicWidget */ = {
			isa = PBXGroup;
			children = (
				EF70CDEE277AA1B20049D830 /* TopicWidget.swift */,
				EFD6BA64277C02BC0060239D /* ProfileWidget.swift */,
				EFD6BA62277BFA4F0060239D /* WidgetIntents.intentdefinition */,
				EF70CDF0277AA1B30049D830 /* Assets.xcassets */,
				EF70CDF2277AA1B30049D830 /* Info.plist */,
			);
			path = TopicWidget;
			sourceTree = "<group>";
		};
		EF7177EC27857A7400113670 /* UIKit */ = {
			isa = PBXGroup;
			children = (
				EF7177ED27857A8700113670 /* GifImage.swift */,
			);
			path = UIKit;
			sourceTree = "<group>";
		};
		EF8A7A292766F3860092E53C /* Others */ = {
			isa = PBXGroup;
			children = (
				EF8A7A2A2766F3950092E53C /* Constants.swift */,
			);
			path = Others;
			sourceTree = "<group>";
		};
		EF90127E2761A3CB0079BF4C /* Tools */ = {
			isa = PBXGroup;
			children = (
				EF90127F2761A3D90079BF4C /* HUD.swift */,
				EF83EDE82768779C00EED0F5 /* Dialog.swift */,
				EF8A7A272766F3110092E53C /* UserInfo.swift */,
				EF80AAC827682EF700C045D6 /* CacheInfo.swift */,
				EFF1F11B2774680F004EF697 /* LocalNotification.swift */,
			);
			path = Tools;
			sourceTree = "<group>";
		};
		EFA1350D277C3A540060A172 /* WidgetIntentHandler */ = {
			isa = PBXGroup;
			children = (
				EFA1350E277C3A540060A172 /* IntentHandler.swift */,
				EFA13510277C3A540060A172 /* Info.plist */,
			);
			path = WidgetIntentHandler;
			sourceTree = "<group>";
		};
		EFB431492760456C00319073 /* Netwroking */ = {
			isa = PBXGroup;
			children = (
				EFB4314A276045A300319073 /* Networking.swift */,
			);
			path = Netwroking;
			sourceTree = "<group>";
		};
		EFC6D5D32772C11E00C9B0E0 /* Supporting Files */ = {
			isa = PBXGroup;
			children = (
				EFE4102A2771DC7E0074248E /* Info.plist */,
			);
			path = "Supporting Files";
			sourceTree = "<group>";
		};
		EFE76C502759EE3B00D89EA6 = {
			isa = PBXGroup;
			children = (
				EFE76C5B2759EE3B00D89EA6 /* Msea */,
				EF70CDED277AA1B20049D830 /* TopicWidget */,
				EFA1350D277C3A540060A172 /* WidgetIntentHandler */,
				EFE76C5A2759EE3B00D89EA6 /* Products */,
				9C6C4775FCC0808EF699E19F /* Pods */,
				8E28B34AB5F4C4ED14A412FC /* Frameworks */,
			);
			sourceTree = "<group>";
		};
		EFE76C5A2759EE3B00D89EA6 /* Products */ = {
			isa = PBXGroup;
			children = (
				EFE76C592759EE3B00D89EA6 /* Msea.app */,
				EF70CDE8277AA1B20049D830 /* TopicWidgetExtension.appex */,
				EFA1350B277C3A540060A172 /* WidgetIntentHandler.appex */,
			);
			name = Products;
			sourceTree = "<group>";
		};
		EFE76C5B2759EE3B00D89EA6 /* Msea */ = {
			isa = PBXGroup;
			children = (
				EF55F4C5275A0AA700B78C95 /* Sources */,
				EF2E32792759F767005151DE /* Resources */,
				EFC6D5D32772C11E00C9B0E0 /* Supporting Files */,
			);
			path = Msea;
			sourceTree = "<group>";
		};
		EFE76C622759EE3C00D89EA6 /* Preview Content */ = {
			isa = PBXGroup;
			children = (
				EFE76C632759EE3C00D89EA6 /* Preview Assets.xcassets */,
			);
			path = "Preview Content";
			sourceTree = "<group>";
		};
/* End PBXGroup section */

/* Begin PBXNativeTarget section */
		EF70CDE7277AA1B20049D830 /* TopicWidgetExtension */ = {
			isa = PBXNativeTarget;
			buildConfigurationList = EF70CDF9277AA1B30049D830 /* Build configuration list for PBXNativeTarget "TopicWidgetExtension" */;
			buildPhases = (
				5CFCD1682E3D0E5325B0EFB9 /* [CP] Check Pods Manifest.lock */,
				EF70CDE4277AA1B20049D830 /* Sources */,
				EF70CDE5277AA1B20049D830 /* Frameworks */,
				EF70CDE6277AA1B20049D830 /* Resources */,
			);
			buildRules = (
			);
			dependencies = (
			);
			name = TopicWidgetExtension;
			productName = TopicWidgetExtension;
			productReference = EF70CDE8277AA1B20049D830 /* TopicWidgetExtension.appex */;
			productType = "com.apple.product-type.app-extension";
		};
		EFA1350A277C3A540060A172 /* WidgetIntentHandler */ = {
			isa = PBXNativeTarget;
			buildConfigurationList = EFA13514277C3A540060A172 /* Build configuration list for PBXNativeTarget "WidgetIntentHandler" */;
			buildPhases = (
				EFA13507277C3A540060A172 /* Sources */,
				EFA13508277C3A540060A172 /* Frameworks */,
				EFA13509277C3A540060A172 /* Resources */,
			);
			buildRules = (
			);
			dependencies = (
			);
			name = WidgetIntentHandler;
			productName = WidgetIntentHandler;
			productReference = EFA1350B277C3A540060A172 /* WidgetIntentHandler.appex */;
			productType = "com.apple.product-type.app-extension";
		};
		EFE76C582759EE3B00D89EA6 /* Msea */ = {
			isa = PBXNativeTarget;
			buildConfigurationList = EFE76C672759EE3C00D89EA6 /* Build configuration list for PBXNativeTarget "Msea" */;
			buildPhases = (
				15F0434FE2678475DE7CA5B3 /* [CP] Check Pods Manifest.lock */,
				EFE76C552759EE3B00D89EA6 /* Sources */,
				EFE76C562759EE3B00D89EA6 /* Frameworks */,
				EFE76C572759EE3B00D89EA6 /* Resources */,
				EF2E327A2759F7E9005151DE /* Run SwiftLint */,
				CFAFA79507B4B4B819430F75 /* [CP] Embed Pods Frameworks */,
				EF70CDF6277AA1B30049D830 /* Embed App Extensions */,
			);
			buildRules = (
			);
			dependencies = (
				EF70CDF4277AA1B30049D830 /* PBXTargetDependency */,
				EFA13512277C3A540060A172 /* PBXTargetDependency */,
			);
			name = Msea;
			productName = Msea;
			productReference = EFE76C592759EE3B00D89EA6 /* Msea.app */;
			productType = "com.apple.product-type.application";
		};
/* End PBXNativeTarget section */

/* Begin PBXProject section */
		EFE76C512759EE3B00D89EA6 /* Project object */ = {
			isa = PBXProject;
			attributes = {
				BuildIndependentTargetsInParallel = 1;
				LastSwiftUpdateCheck = 1320;
				LastUpgradeCheck = 1310;
				ORGANIZATIONNAME = eternal.just;
				TargetAttributes = {
					EF70CDE7277AA1B20049D830 = {
						CreatedOnToolsVersion = 13.2.1;
					};
					EFA1350A277C3A540060A172 = {
						CreatedOnToolsVersion = 13.2.1;
					};
					EFE76C582759EE3B00D89EA6 = {
						CreatedOnToolsVersion = 13.1;
					};
				};
			};
			buildConfigurationList = EFE76C542759EE3B00D89EA6 /* Build configuration list for PBXProject "Msea" */;
			compatibilityVersion = "Xcode 13.0";
			developmentRegion = "zh-Hans";
			hasScannedForEncodings = 0;
			knownRegions = (
				"zh-Hans",
				Base,
			);
			mainGroup = EFE76C502759EE3B00D89EA6;
			productRefGroup = EFE76C5A2759EE3B00D89EA6 /* Products */;
			projectDirPath = "";
			projectRoot = "";
			targets = (
				EFE76C582759EE3B00D89EA6 /* Msea */,
				EF70CDE7277AA1B20049D830 /* TopicWidgetExtension */,
				EFA1350A277C3A540060A172 /* WidgetIntentHandler */,
			);
		};
/* End PBXProject section */

/* Begin PBXResourcesBuildPhase section */
		EF70CDE6277AA1B20049D830 /* Resources */ = {
			isa = PBXResourcesBuildPhase;
			buildActionMask = 2147483647;
			files = (
				EF70CDF1277AA1B30049D830 /* Assets.xcassets in Resources */,
			);
			runOnlyForDeploymentPostprocessing = 0;
		};
		EFA13509277C3A540060A172 /* Resources */ = {
			isa = PBXResourcesBuildPhase;
			buildActionMask = 2147483647;
			files = (
			);
			runOnlyForDeploymentPostprocessing = 0;
		};
		EFE76C572759EE3B00D89EA6 /* Resources */ = {
			isa = PBXResourcesBuildPhase;
			buildActionMask = 2147483647;
			files = (
				EFC6D5D52772C2EC00C9B0E0 /* Launch Screen.storyboard in Resources */,
				EFE76C642759EE3C00D89EA6 /* Preview Assets.xcassets in Resources */,
				EFE76C612759EE3C00D89EA6 /* Assets.xcassets in Resources */,
			);
			runOnlyForDeploymentPostprocessing = 0;
		};
/* End PBXResourcesBuildPhase section */

/* Begin PBXShellScriptBuildPhase section */
		15F0434FE2678475DE7CA5B3 /* [CP] Check Pods Manifest.lock */ = {
			isa = PBXShellScriptBuildPhase;
			buildActionMask = 2147483647;
			files = (
			);
			inputFileListPaths = (
			);
			inputPaths = (
				"${PODS_PODFILE_DIR_PATH}/Podfile.lock",
				"${PODS_ROOT}/Manifest.lock",
			);
			name = "[CP] Check Pods Manifest.lock";
			outputFileListPaths = (
			);
			outputPaths = (
				"$(DERIVED_FILE_DIR)/Pods-Msea-checkManifestLockResult.txt",
			);
			runOnlyForDeploymentPostprocessing = 0;
			shellPath = /bin/sh;
			shellScript = "diff \"${PODS_PODFILE_DIR_PATH}/Podfile.lock\" \"${PODS_ROOT}/Manifest.lock\" > /dev/null\nif [ $? != 0 ] ; then\n    # print error to STDERR\n    echo \"error: The sandbox is not in sync with the Podfile.lock. Run 'pod install' or update your CocoaPods installation.\" >&2\n    exit 1\nfi\n# This output is used by Xcode 'outputs' to avoid re-running this script phase.\necho \"SUCCESS\" > \"${SCRIPT_OUTPUT_FILE_0}\"\n";
			showEnvVarsInLog = 0;
		};
		5CFCD1682E3D0E5325B0EFB9 /* [CP] Check Pods Manifest.lock */ = {
			isa = PBXShellScriptBuildPhase;
			buildActionMask = 2147483647;
			files = (
			);
			inputFileListPaths = (
			);
			inputPaths = (
				"${PODS_PODFILE_DIR_PATH}/Podfile.lock",
				"${PODS_ROOT}/Manifest.lock",
			);
			name = "[CP] Check Pods Manifest.lock";
			outputFileListPaths = (
			);
			outputPaths = (
				"$(DERIVED_FILE_DIR)/Pods-TopicWidgetExtension-checkManifestLockResult.txt",
			);
			runOnlyForDeploymentPostprocessing = 0;
			shellPath = /bin/sh;
			shellScript = "diff \"${PODS_PODFILE_DIR_PATH}/Podfile.lock\" \"${PODS_ROOT}/Manifest.lock\" > /dev/null\nif [ $? != 0 ] ; then\n    # print error to STDERR\n    echo \"error: The sandbox is not in sync with the Podfile.lock. Run 'pod install' or update your CocoaPods installation.\" >&2\n    exit 1\nfi\n# This output is used by Xcode 'outputs' to avoid re-running this script phase.\necho \"SUCCESS\" > \"${SCRIPT_OUTPUT_FILE_0}\"\n";
			showEnvVarsInLog = 0;
		};
		CFAFA79507B4B4B819430F75 /* [CP] Embed Pods Frameworks */ = {
			isa = PBXShellScriptBuildPhase;
			buildActionMask = 2147483647;
			files = (
			);
			inputFileListPaths = (
				"${PODS_ROOT}/Target Support Files/Pods-Msea/Pods-Msea-frameworks-${CONFIGURATION}-input-files.xcfilelist",
			);
			name = "[CP] Embed Pods Frameworks";
			outputFileListPaths = (
				"${PODS_ROOT}/Target Support Files/Pods-Msea/Pods-Msea-frameworks-${CONFIGURATION}-output-files.xcfilelist",
			);
			runOnlyForDeploymentPostprocessing = 0;
			shellPath = /bin/sh;
			shellScript = "\"${PODS_ROOT}/Target Support Files/Pods-Msea/Pods-Msea-frameworks.sh\"\n";
			showEnvVarsInLog = 0;
		};
		EF2E327A2759F7E9005151DE /* Run SwiftLint */ = {
			isa = PBXShellScriptBuildPhase;
			buildActionMask = 2147483647;
			files = (
			);
			inputFileListPaths = (
			);
			inputPaths = (
			);
			name = "Run SwiftLint";
			outputFileListPaths = (
			);
			outputPaths = (
			);
			runOnlyForDeploymentPostprocessing = 0;
			shellPath = /bin/sh;
			shellScript = "\"${PODS_ROOT}/SwiftLint/swiftlint\"\n";
		};
/* End PBXShellScriptBuildPhase section */

/* Begin PBXSourcesBuildPhase section */
		EF70CDE4277AA1B20049D830 /* Sources */ = {
			isa = PBXSourcesBuildPhase;
			buildActionMask = 2147483647;
			files = (
				EF70CDFC277AB03C0049D830 /* Foundation+Extension.swift in Sources */,
				EF70CDEF277AA1B20049D830 /* TopicWidget.swift in Sources */,
				EF70CDFA277AAA600049D830 /* Color+Extension.swift in Sources */,
				EFD6BA67277C05B20060239D /* ProfileWidget.swift in Sources */,
				EFD6BA66277C05980060239D /* WidgetIntents.intentdefinition in Sources */,
				EF70CDFB277AAA660049D830 /* Font+Extension.swift in Sources */,
			);
			runOnlyForDeploymentPostprocessing = 0;
		};
		EFA13507277C3A540060A172 /* Sources */ = {
			isa = PBXSourcesBuildPhase;
			buildActionMask = 2147483647;
			files = (
				EF72A1DA277C3C2900E062F2 /* WidgetIntents.intentdefinition in Sources */,
				EFA1350F277C3A540060A172 /* IntentHandler.swift in Sources */,
			);
			runOnlyForDeploymentPostprocessing = 0;
		};
		EFE76C552759EE3B00D89EA6 /* Sources */ = {
			isa = PBXSourcesBuildPhase;
			buildActionMask = 2147483647;
			files = (
				EF8A7A282766F3110092E53C /* UserInfo.swift in Sources */,
				EFE76C5F2759EE3B00D89EA6 /* ContentView.swift in Sources */,
				EF55F4C9275A0B0500B78C95 /* View+Extension.swift in Sources */,
				EF8A7A262766F2500092E53C /* Foundation+Extension.swift in Sources */,
				EFB4314F2760ACB300319073 /* LoginContentView.swift in Sources */,
				EF6211D52761D8FA00F833B4 /* ApplicationDelegate.swift in Sources */,
				8180BB33275B78880055E1F5 /* TopicListContentView.swift in Sources */,
				EF6211D72761ECEA00F833B4 /* Appearance.swift in Sources */,
				EFB4314B276045A300319073 /* Networking.swift in Sources */,
				EF082EF1275F4AC400056BCA /* SignListContentView.swift in Sources */,
				EF7177EE27857A8700113670 /* GifImage.swift in Sources */,
				EF9012802761A3D90079BF4C /* HUD.swift in Sources */,
				EF83EDE92768779C00EED0F5 /* Dialog.swift in Sources */,
				EFBE9650277D501200481170 /* MessageBoardContentView.swift in Sources */,
				EFAA2A8D277025A000A83E44 /* SettingContentView.swift in Sources */,
				EFBE964C277D4F4800481170 /* ProfileTopicContentView.swift in Sources */,
				8143D173275C9DFB0036198D /* HomeContentView.swift in Sources */,
				EF082EF3275F4B1C00056BCA /* SignDayListContentView.swift in Sources */,
				8143D171275C8F5D0036198D /* MineContentView.swift in Sources */,
				EF082EEB275EF85900056BCA /* DaySignContentView.swift in Sources */,
				EF8A7A2B2766F3950092E53C /* Constants.swift in Sources */,
				EFBE964E277D4FED00481170 /* FriendVisitorContentView.swift in Sources */,
				EF80AAC927682EF700C045D6 /* CacheInfo.swift in Sources */,
				EFE76C5D2759EE3B00D89EA6 /* MseaApp.swift in Sources */,
				EFF1F11C2774680F004EF697 /* LocalNotification.swift in Sources */,
				EFB4314D27608B3A00319073 /* Font+Extension.swift in Sources */,
				EF082EED275F0C6A00056BCA /* Color+Extension.swift in Sources */,
				EF082EEF275F3ACB00056BCA /* UINavigationController+Extension.swift in Sources */,
			);
			runOnlyForDeploymentPostprocessing = 0;
		};
/* End PBXSourcesBuildPhase section */

/* Begin PBXTargetDependency section */
		EF70CDF4277AA1B30049D830 /* PBXTargetDependency */ = {
			isa = PBXTargetDependency;
			target = EF70CDE7277AA1B20049D830 /* TopicWidgetExtension */;
			targetProxy = EF70CDF3277AA1B30049D830 /* PBXContainerItemProxy */;
		};
		EFA13512277C3A540060A172 /* PBXTargetDependency */ = {
			isa = PBXTargetDependency;
			target = EFA1350A277C3A540060A172 /* WidgetIntentHandler */;
			targetProxy = EFA13511277C3A540060A172 /* PBXContainerItemProxy */;
		};
/* End PBXTargetDependency section */

/* Begin XCBuildConfiguration section */
		EF70CDF7277AA1B30049D830 /* Debug */ = {
			isa = XCBuildConfiguration;
			baseConfigurationReference = BE4936BAEE7BB55407068ED7 /* Pods-TopicWidgetExtension.debug.xcconfig */;
			buildSettings = {
				ASSETCATALOG_COMPILER_GLOBAL_ACCENT_COLOR_NAME = AccentColor;
				ASSETCATALOG_COMPILER_WIDGET_BACKGROUND_COLOR_NAME = WidgetBackground;
				CODE_SIGN_STYLE = Automatic;
				CURRENT_PROJECT_VERSION = 1;
				DEVELOPMENT_TEAM = 936M5Y4RHX;
				GENERATE_INFOPLIST_FILE = YES;
				INFOPLIST_FILE = TopicWidget/Info.plist;
				INFOPLIST_KEY_CFBundleDisplayName = TopicWidget;
				INFOPLIST_KEY_NSHumanReadableCopyright = "Copyright © 2021 eternal.just. All rights reserved.";
				IPHONEOS_DEPLOYMENT_TARGET = 15.0;
				LD_RUNPATH_SEARCH_PATHS = (
					"$(inherited)",
					"@executable_path/Frameworks",
					"@executable_path/../../Frameworks",
				);
				MARKETING_VERSION = 1.0.0;
				PRODUCT_BUNDLE_IDENTIFIER = com.eternaljust.Msea.TopicWidget;
				PRODUCT_NAME = "$(TARGET_NAME)";
				SKIP_INSTALL = YES;
				SWIFT_EMIT_LOC_STRINGS = YES;
				SWIFT_VERSION = 5.0;
				TARGETED_DEVICE_FAMILY = "1,2";
			};
			name = Debug;
		};
		EF70CDF8277AA1B30049D830 /* Release */ = {
			isa = XCBuildConfiguration;
			baseConfigurationReference = 1C2D4951103DE0C049C9D063 /* Pods-TopicWidgetExtension.release.xcconfig */;
			buildSettings = {
				ASSETCATALOG_COMPILER_GLOBAL_ACCENT_COLOR_NAME = AccentColor;
				ASSETCATALOG_COMPILER_WIDGET_BACKGROUND_COLOR_NAME = WidgetBackground;
				CODE_SIGN_STYLE = Automatic;
				CURRENT_PROJECT_VERSION = 1;
				DEVELOPMENT_TEAM = 936M5Y4RHX;
				GENERATE_INFOPLIST_FILE = YES;
				INFOPLIST_FILE = TopicWidget/Info.plist;
				INFOPLIST_KEY_CFBundleDisplayName = TopicWidget;
				INFOPLIST_KEY_NSHumanReadableCopyright = "Copyright © 2021 eternal.just. All rights reserved.";
				IPHONEOS_DEPLOYMENT_TARGET = 15.0;
				LD_RUNPATH_SEARCH_PATHS = (
					"$(inherited)",
					"@executable_path/Frameworks",
					"@executable_path/../../Frameworks",
				);
				MARKETING_VERSION = 1.0.0;
				PRODUCT_BUNDLE_IDENTIFIER = com.eternaljust.Msea.TopicWidget;
				PRODUCT_NAME = "$(TARGET_NAME)";
				SKIP_INSTALL = YES;
				SWIFT_EMIT_LOC_STRINGS = YES;
				SWIFT_VERSION = 5.0;
				TARGETED_DEVICE_FAMILY = "1,2";
			};
			name = Release;
		};
		EFA13515277C3A540060A172 /* Debug */ = {
			isa = XCBuildConfiguration;
			buildSettings = {
				CODE_SIGN_STYLE = Automatic;
				CURRENT_PROJECT_VERSION = 1;
				DEVELOPMENT_TEAM = 936M5Y4RHX;
				GENERATE_INFOPLIST_FILE = YES;
				INFOPLIST_FILE = WidgetIntentHandler/Info.plist;
				INFOPLIST_KEY_CFBundleDisplayName = WidgetIntentHandler;
				INFOPLIST_KEY_NSHumanReadableCopyright = "Copyright © 2021 eternal.just. All rights reserved.";
				IPHONEOS_DEPLOYMENT_TARGET = 15.0;
				LD_RUNPATH_SEARCH_PATHS = (
					"$(inherited)",
					"@executable_path/Frameworks",
					"@executable_path/../../Frameworks",
				);
				MARKETING_VERSION = 1.0.0;
				PRODUCT_BUNDLE_IDENTIFIER = com.eternaljust.Msea.WidgetIntentHandler;
				PRODUCT_NAME = "$(TARGET_NAME)";
				SKIP_INSTALL = YES;
				SWIFT_EMIT_LOC_STRINGS = YES;
				SWIFT_VERSION = 5.0;
				TARGETED_DEVICE_FAMILY = "1,2";
			};
			name = Debug;
		};
		EFA13516277C3A540060A172 /* Release */ = {
			isa = XCBuildConfiguration;
			buildSettings = {
				CODE_SIGN_STYLE = Automatic;
				CURRENT_PROJECT_VERSION = 1;
				DEVELOPMENT_TEAM = 936M5Y4RHX;
				GENERATE_INFOPLIST_FILE = YES;
				INFOPLIST_FILE = WidgetIntentHandler/Info.plist;
				INFOPLIST_KEY_CFBundleDisplayName = WidgetIntentHandler;
				INFOPLIST_KEY_NSHumanReadableCopyright = "Copyright © 2021 eternal.just. All rights reserved.";
				IPHONEOS_DEPLOYMENT_TARGET = 15.0;
				LD_RUNPATH_SEARCH_PATHS = (
					"$(inherited)",
					"@executable_path/Frameworks",
					"@executable_path/../../Frameworks",
				);
				MARKETING_VERSION = 1.0.0;
				PRODUCT_BUNDLE_IDENTIFIER = com.eternaljust.Msea.WidgetIntentHandler;
				PRODUCT_NAME = "$(TARGET_NAME)";
				SKIP_INSTALL = YES;
				SWIFT_EMIT_LOC_STRINGS = YES;
				SWIFT_VERSION = 5.0;
				TARGETED_DEVICE_FAMILY = "1,2";
			};
			name = Release;
		};
		EFE76C652759EE3C00D89EA6 /* Debug */ = {
			isa = XCBuildConfiguration;
			buildSettings = {
				ALWAYS_SEARCH_USER_PATHS = NO;
				CLANG_ANALYZER_NONNULL = YES;
				CLANG_ANALYZER_NUMBER_OBJECT_CONVERSION = YES_AGGRESSIVE;
				CLANG_CXX_LANGUAGE_STANDARD = "gnu++17";
				CLANG_CXX_LIBRARY = "libc++";
				CLANG_ENABLE_MODULES = YES;
				CLANG_ENABLE_OBJC_ARC = YES;
				CLANG_ENABLE_OBJC_WEAK = YES;
				CLANG_WARN_BLOCK_CAPTURE_AUTORELEASING = YES;
				CLANG_WARN_BOOL_CONVERSION = YES;
				CLANG_WARN_COMMA = YES;
				CLANG_WARN_CONSTANT_CONVERSION = YES;
				CLANG_WARN_DEPRECATED_OBJC_IMPLEMENTATIONS = YES;
				CLANG_WARN_DIRECT_OBJC_ISA_USAGE = YES_ERROR;
				CLANG_WARN_DOCUMENTATION_COMMENTS = YES;
				CLANG_WARN_EMPTY_BODY = YES;
				CLANG_WARN_ENUM_CONVERSION = YES;
				CLANG_WARN_INFINITE_RECURSION = YES;
				CLANG_WARN_INT_CONVERSION = YES;
				CLANG_WARN_NON_LITERAL_NULL_CONVERSION = YES;
				CLANG_WARN_OBJC_IMPLICIT_RETAIN_SELF = YES;
				CLANG_WARN_OBJC_LITERAL_CONVERSION = YES;
				CLANG_WARN_OBJC_ROOT_CLASS = YES_ERROR;
				CLANG_WARN_QUOTED_INCLUDE_IN_FRAMEWORK_HEADER = YES;
				CLANG_WARN_RANGE_LOOP_ANALYSIS = YES;
				CLANG_WARN_STRICT_PROTOTYPES = YES;
				CLANG_WARN_SUSPICIOUS_MOVE = YES;
				CLANG_WARN_UNGUARDED_AVAILABILITY = YES_AGGRESSIVE;
				CLANG_WARN_UNREACHABLE_CODE = YES;
				CLANG_WARN__DUPLICATE_METHOD_MATCH = YES;
				COPY_PHASE_STRIP = NO;
				DEBUG_INFORMATION_FORMAT = dwarf;
				ENABLE_STRICT_OBJC_MSGSEND = YES;
				ENABLE_TESTABILITY = YES;
				GCC_C_LANGUAGE_STANDARD = gnu11;
				GCC_DYNAMIC_NO_PIC = NO;
				GCC_NO_COMMON_BLOCKS = YES;
				GCC_OPTIMIZATION_LEVEL = 0;
				GCC_PREPROCESSOR_DEFINITIONS = (
					"DEBUG=1",
					"$(inherited)",
				);
				GCC_WARN_64_TO_32_BIT_CONVERSION = YES;
				GCC_WARN_ABOUT_RETURN_TYPE = YES_ERROR;
				GCC_WARN_UNDECLARED_SELECTOR = YES;
				GCC_WARN_UNINITIALIZED_AUTOS = YES_AGGRESSIVE;
				GCC_WARN_UNUSED_FUNCTION = YES;
				GCC_WARN_UNUSED_VARIABLE = YES;
				IPHONEOS_DEPLOYMENT_TARGET = 15.0;
				MTL_ENABLE_DEBUG_INFO = INCLUDE_SOURCE;
				MTL_FAST_MATH = YES;
				ONLY_ACTIVE_ARCH = YES;
				SDKROOT = iphoneos;
				SWIFT_ACTIVE_COMPILATION_CONDITIONS = DEBUG;
				SWIFT_OPTIMIZATION_LEVEL = "-Onone";
			};
			name = Debug;
		};
		EFE76C662759EE3C00D89EA6 /* Release */ = {
			isa = XCBuildConfiguration;
			buildSettings = {
				ALWAYS_SEARCH_USER_PATHS = NO;
				CLANG_ANALYZER_NONNULL = YES;
				CLANG_ANALYZER_NUMBER_OBJECT_CONVERSION = YES_AGGRESSIVE;
				CLANG_CXX_LANGUAGE_STANDARD = "gnu++17";
				CLANG_CXX_LIBRARY = "libc++";
				CLANG_ENABLE_MODULES = YES;
				CLANG_ENABLE_OBJC_ARC = YES;
				CLANG_ENABLE_OBJC_WEAK = YES;
				CLANG_WARN_BLOCK_CAPTURE_AUTORELEASING = YES;
				CLANG_WARN_BOOL_CONVERSION = YES;
				CLANG_WARN_COMMA = YES;
				CLANG_WARN_CONSTANT_CONVERSION = YES;
				CLANG_WARN_DEPRECATED_OBJC_IMPLEMENTATIONS = YES;
				CLANG_WARN_DIRECT_OBJC_ISA_USAGE = YES_ERROR;
				CLANG_WARN_DOCUMENTATION_COMMENTS = YES;
				CLANG_WARN_EMPTY_BODY = YES;
				CLANG_WARN_ENUM_CONVERSION = YES;
				CLANG_WARN_INFINITE_RECURSION = YES;
				CLANG_WARN_INT_CONVERSION = YES;
				CLANG_WARN_NON_LITERAL_NULL_CONVERSION = YES;
				CLANG_WARN_OBJC_IMPLICIT_RETAIN_SELF = YES;
				CLANG_WARN_OBJC_LITERAL_CONVERSION = YES;
				CLANG_WARN_OBJC_ROOT_CLASS = YES_ERROR;
				CLANG_WARN_QUOTED_INCLUDE_IN_FRAMEWORK_HEADER = YES;
				CLANG_WARN_RANGE_LOOP_ANALYSIS = YES;
				CLANG_WARN_STRICT_PROTOTYPES = YES;
				CLANG_WARN_SUSPICIOUS_MOVE = YES;
				CLANG_WARN_UNGUARDED_AVAILABILITY = YES_AGGRESSIVE;
				CLANG_WARN_UNREACHABLE_CODE = YES;
				CLANG_WARN__DUPLICATE_METHOD_MATCH = YES;
				COPY_PHASE_STRIP = NO;
				DEBUG_INFORMATION_FORMAT = "dwarf-with-dsym";
				ENABLE_NS_ASSERTIONS = NO;
				ENABLE_STRICT_OBJC_MSGSEND = YES;
				GCC_C_LANGUAGE_STANDARD = gnu11;
				GCC_NO_COMMON_BLOCKS = YES;
				GCC_WARN_64_TO_32_BIT_CONVERSION = YES;
				GCC_WARN_ABOUT_RETURN_TYPE = YES_ERROR;
				GCC_WARN_UNDECLARED_SELECTOR = YES;
				GCC_WARN_UNINITIALIZED_AUTOS = YES_AGGRESSIVE;
				GCC_WARN_UNUSED_FUNCTION = YES;
				GCC_WARN_UNUSED_VARIABLE = YES;
				IPHONEOS_DEPLOYMENT_TARGET = 15.0;
				MTL_ENABLE_DEBUG_INFO = NO;
				MTL_FAST_MATH = YES;
				SDKROOT = iphoneos;
				SWIFT_COMPILATION_MODE = wholemodule;
				SWIFT_OPTIMIZATION_LEVEL = "-O";
				VALIDATE_PRODUCT = YES;
			};
			name = Release;
		};
		EFE76C682759EE3C00D89EA6 /* Debug */ = {
			isa = XCBuildConfiguration;
			baseConfigurationReference = BA26334146152E48BA4E44D8 /* Pods-Msea.debug.xcconfig */;
			buildSettings = {
				ALWAYS_EMBED_SWIFT_STANDARD_LIBRARIES = YES;
				ASSETCATALOG_COMPILER_APPICON_NAME = AppIcon;
				ASSETCATALOG_COMPILER_GLOBAL_ACCENT_COLOR_NAME = AccentColor;
				CODE_SIGN_STYLE = Automatic;
				CURRENT_PROJECT_VERSION = 1;
				DEVELOPMENT_ASSET_PATHS = "\"Msea/Resources/Preview Content\"";
				DEVELOPMENT_TEAM = 936M5Y4RHX;
				ENABLE_PREVIEWS = YES;
				GENERATE_INFOPLIST_FILE = YES;
				INFOPLIST_FILE = "Msea/Supporting Files/Info.plist";
				INFOPLIST_KEY_UIApplicationSceneManifest_Generation = YES;
				INFOPLIST_KEY_UIApplicationSupportsIndirectInputEvents = YES;
				INFOPLIST_KEY_UILaunchScreen_Generation = YES;
				INFOPLIST_KEY_UILaunchStoryboardName = "Launch Screen";
				INFOPLIST_KEY_UISupportedInterfaceOrientations_iPad = "UIInterfaceOrientationPortrait UIInterfaceOrientationPortraitUpsideDown UIInterfaceOrientationLandscapeLeft UIInterfaceOrientationLandscapeRight";
				INFOPLIST_KEY_UISupportedInterfaceOrientations_iPhone = "UIInterfaceOrientationPortrait UIInterfaceOrientationLandscapeLeft UIInterfaceOrientationLandscapeRight";
				LD_RUNPATH_SEARCH_PATHS = (
					"$(inherited)",
					"@executable_path/Frameworks",
				);
				MARKETING_VERSION = 1.0.0;
				PRODUCT_BUNDLE_IDENTIFIER = com.eternaljust.Msea;
				PRODUCT_NAME = "$(TARGET_NAME)";
				SWIFT_EMIT_LOC_STRINGS = YES;
				SWIFT_VERSION = 5.0;
				TARGETED_DEVICE_FAMILY = "1,2";
			};
			name = Debug;
		};
		EFE76C692759EE3C00D89EA6 /* Release */ = {
			isa = XCBuildConfiguration;
			baseConfigurationReference = 9A536744D188758A4840C194 /* Pods-Msea.release.xcconfig */;
			buildSettings = {
				ALWAYS_EMBED_SWIFT_STANDARD_LIBRARIES = YES;
				ASSETCATALOG_COMPILER_APPICON_NAME = AppIcon;
				ASSETCATALOG_COMPILER_GLOBAL_ACCENT_COLOR_NAME = AccentColor;
				CODE_SIGN_STYLE = Automatic;
				CURRENT_PROJECT_VERSION = 1;
				DEVELOPMENT_ASSET_PATHS = "\"Msea/Resources/Preview Content\"";
				DEVELOPMENT_TEAM = 936M5Y4RHX;
				ENABLE_PREVIEWS = YES;
				GENERATE_INFOPLIST_FILE = YES;
				INFOPLIST_FILE = "Msea/Supporting Files/Info.plist";
				INFOPLIST_KEY_UIApplicationSceneManifest_Generation = YES;
				INFOPLIST_KEY_UIApplicationSupportsIndirectInputEvents = YES;
				INFOPLIST_KEY_UILaunchScreen_Generation = YES;
				INFOPLIST_KEY_UILaunchStoryboardName = "Launch Screen";
				INFOPLIST_KEY_UISupportedInterfaceOrientations_iPad = "UIInterfaceOrientationPortrait UIInterfaceOrientationPortraitUpsideDown UIInterfaceOrientationLandscapeLeft UIInterfaceOrientationLandscapeRight";
				INFOPLIST_KEY_UISupportedInterfaceOrientations_iPhone = "UIInterfaceOrientationPortrait UIInterfaceOrientationLandscapeLeft UIInterfaceOrientationLandscapeRight";
				LD_RUNPATH_SEARCH_PATHS = (
					"$(inherited)",
					"@executable_path/Frameworks",
				);
				MARKETING_VERSION = 1.0.0;
				PRODUCT_BUNDLE_IDENTIFIER = com.eternaljust.Msea;
				PRODUCT_NAME = "$(TARGET_NAME)";
				SWIFT_EMIT_LOC_STRINGS = YES;
				SWIFT_VERSION = 5.0;
				TARGETED_DEVICE_FAMILY = "1,2";
			};
			name = Release;
		};
/* End XCBuildConfiguration section */

/* Begin XCConfigurationList section */
		EF70CDF9277AA1B30049D830 /* Build configuration list for PBXNativeTarget "TopicWidgetExtension" */ = {
			isa = XCConfigurationList;
			buildConfigurations = (
				EF70CDF7277AA1B30049D830 /* Debug */,
				EF70CDF8277AA1B30049D830 /* Release */,
			);
			defaultConfigurationIsVisible = 0;
			defaultConfigurationName = Release;
		};
		EFA13514277C3A540060A172 /* Build configuration list for PBXNativeTarget "WidgetIntentHandler" */ = {
			isa = XCConfigurationList;
			buildConfigurations = (
				EFA13515277C3A540060A172 /* Debug */,
				EFA13516277C3A540060A172 /* Release */,
			);
			defaultConfigurationIsVisible = 0;
			defaultConfigurationName = Release;
		};
		EFE76C542759EE3B00D89EA6 /* Build configuration list for PBXProject "Msea" */ = {
			isa = XCConfigurationList;
			buildConfigurations = (
				EFE76C652759EE3C00D89EA6 /* Debug */,
				EFE76C662759EE3C00D89EA6 /* Release */,
			);
			defaultConfigurationIsVisible = 0;
			defaultConfigurationName = Release;
		};
		EFE76C672759EE3C00D89EA6 /* Build configuration list for PBXNativeTarget "Msea" */ = {
			isa = XCConfigurationList;
			buildConfigurations = (
				EFE76C682759EE3C00D89EA6 /* Debug */,
				EFE76C692759EE3C00D89EA6 /* Release */,
			);
			defaultConfigurationIsVisible = 0;
			defaultConfigurationName = Release;
		};
/* End XCConfigurationList section */
	};
	rootObject = EFE76C512759EE3B00D89EA6 /* Project object */;
}
