// !$*UTF8*$!
{
	archiveVersion = 1;
	classes = {
	};
	objectVersion = 70;
	objects = {

/* Begin PBXBuildFile section */
		BE354D532DC4B7F1000479AC /* UMeng in Frameworks */ = {isa = PBXBuildFile; productRef = BE354D522DC4B7F1000479AC /* UMeng */; };
		BE5800642DC7479200E1FC85 /* EJBase in Frameworks */ = {isa = PBXBuildFile; productRef = BE5800632DC7479200E1FC85 /* EJBase */; };
		BE5800662DC7479200E1FC85 /* EJExtension in Frameworks */ = {isa = PBXBuildFile; productRef = BE5800652DC7479200E1FC85 /* EJExtension */; };
		BE5800682DC74C7100E1FC85 /* EJExtension in Frameworks */ = {isa = PBXBuildFile; productRef = BE5800672DC74C7100E1FC85 /* EJExtension */; };
		BE58006F2DC75CFF00E1FC85 /* Common in Frameworks */ = {isa = PBXBuildFile; productRef = BE58006E2DC75CFF00E1FC85 /* Common */; };
		BE894D832DC654FF00F3AE48 /* AlertToast in Frameworks */ = {isa = PBXBuildFile; productRef = BE894D822DC654FF00F3AE48 /* AlertToast */; };
		BEB024B62DD06D1600E2EEBA /* Node in Frameworks */ = {isa = PBXBuildFile; productRef = BEB024B52DD06D1600E2EEBA /* Node */; };
		BEB024B92DD06D2300E2EEBA /* Notice in Frameworks */ = {isa = PBXBuildFile; productRef = BEB024B82DD06D2300E2EEBA /* Notice */; };
		BEB024BC2DD06D3100E2EEBA /* Profile in Frameworks */ = {isa = PBXBuildFile; productRef = BEB024BB2DD06D3100E2EEBA /* Profile */; };
		BEB0271D2DD084F400E2EEBA /* AppTab in Frameworks */ = {isa = PBXBuildFile; productRef = BEB0271C2DD084F400E2EEBA /* AppTab */; };
		BEB0271F2DD08B0900E2EEBA /* IHome in Frameworks */ = {isa = PBXBuildFile; productRef = BEB0271E2DD08B0900E2EEBA /* IHome */; };
		BEB027212DD08B0900E2EEBA /* MHome in Frameworks */ = {isa = PBXBuildFile; productRef = BEB027202DD08B0900E2EEBA /* MHome */; };
		BEE97DAF2DC4A59900C6FC66 /* Kanna in Frameworks */ = {isa = PBXBuildFile; productRef = BEE97DAE2DC4A59900C6FC66 /* Kanna */; };
		BEE9801D2DC4AEE100C6FC66 /* Node in Frameworks */ = {isa = PBXBuildFile; productRef = BEE9801C2DC4AEE100C6FC66 /* Node */; };
		BEE980202DC4AEF800C6FC66 /* Notice in Frameworks */ = {isa = PBXBuildFile; productRef = BEE9801F2DC4AEF800C6FC66 /* Notice */; };
		BEE980232DC4AF0800C6FC66 /* Profile in Frameworks */ = {isa = PBXBuildFile; productRef = BEE980222DC4AF0800C6FC66 /* Profile */; };
		BEE980252DC4B07600C6FC66 /* Kanna in Frameworks */ = {isa = PBXBuildFile; productRef = BEE980242DC4B07600C6FC66 /* Kanna */; };
		EF70CDEA277AA1B20049D830 /* WidgetKit.framework in Frameworks */ = {isa = PBXBuildFile; fileRef = EF70CDE9277AA1B20049D830 /* WidgetKit.framework */; };
		EF70CDEC277AA1B20049D830 /* SwiftUI.framework in Frameworks */ = {isa = PBXBuildFile; fileRef = EF70CDEB277AA1B20049D830 /* SwiftUI.framework */; };
		EF70CDF5277AA1B30049D830 /* TopicWidgetExtension.appex in Embed Foundation Extensions */ = {isa = PBXBuildFile; fileRef = EF70CDE8277AA1B20049D830 /* TopicWidgetExtension.appex */; settings = {ATTRIBUTES = (RemoveHeadersOnCopy, ); }; };
		EFA1350C277C3A540060A172 /* Intents.framework in Frameworks */ = {isa = PBXBuildFile; fileRef = EFD6BA6D277C07650060239D /* Intents.framework */; };
		EFA13513277C3A540060A172 /* WidgetIntentHandler.appex in Embed Foundation Extensions */ = {isa = PBXBuildFile; fileRef = EFA1350B277C3A540060A172 /* WidgetIntentHandler.appex */; settings = {ATTRIBUTES = (RemoveHeadersOnCopy, ); }; };
/* End PBXBuildFile section */

/* Begin PBXContainerItemProxy section */
		EF70CDF3277AA1B30049D830 /* PBXContainerItemProxy */ = {
			isa = PBXContainerItemProxy;
			containerPortal = EFE76C512759EE3B00D89EA6 /* Project object */;
			proxyType = 1;
			remoteGlobalIDString = EF70CDE7277AA1B20049D830;
			remoteInfo = TopicWidgetExtension;
		};
		EFA13511277C3A540060A172 /* PBXContainerItemProxy */ = {
			isa = PBXContainerItemProxy;
			containerPortal = EFE76C512759EE3B00D89EA6 /* Project object */;
			proxyType = 1;
			remoteGlobalIDString = EFA1350A277C3A540060A172;
			remoteInfo = WidgetIntentHandler;
		};
/* End PBXContainerItemProxy section */

/* Begin PBXCopyFilesBuildPhase section */
		EF70CDF6277AA1B30049D830 /* Embed Foundation Extensions */ = {
			isa = PBXCopyFilesBuildPhase;
			buildActionMask = 2147483647;
			dstPath = "";
			dstSubfolderSpec = 13;
			files = (
				EF70CDF5277AA1B30049D830 /* TopicWidgetExtension.appex in Embed Foundation Extensions */,
				EFA13513277C3A540060A172 /* WidgetIntentHandler.appex in Embed Foundation Extensions */,
			);
			name = "Embed Foundation Extensions";
			runOnlyForDeploymentPostprocessing = 0;
		};
/* End PBXCopyFilesBuildPhase section */

/* Begin PBXFileReference section */
		7606A8EEA1BD777F45CBF959 /* Pods_Msea.framework */ = {isa = PBXFileReference; explicitFileType = wrapper.framework; includeInIndex = 0; path = Pods_Msea.framework; sourceTree = BUILT_PRODUCTS_DIR; };
		BEB998132DC4BCE1002640F9 /* libsqlite3.tbd */ = {isa = PBXFileReference; lastKnownFileType = "sourcecode.text-based-dylib-definition"; name = libsqlite3.tbd; path = usr/lib/libsqlite3.tbd; sourceTree = SDKROOT; };
		EF70CDE8277AA1B20049D830 /* TopicWidgetExtension.appex */ = {isa = PBXFileReference; explicitFileType = "wrapper.app-extension"; includeInIndex = 0; path = TopicWidgetExtension.appex; sourceTree = BUILT_PRODUCTS_DIR; };
		EF70CDE9277AA1B20049D830 /* WidgetKit.framework */ = {isa = PBXFileReference; lastKnownFileType = wrapper.framework; name = WidgetKit.framework; path = System/Library/Frameworks/WidgetKit.framework; sourceTree = SDKROOT; };
		EF70CDEB277AA1B20049D830 /* SwiftUI.framework */ = {isa = PBXFileReference; lastKnownFileType = wrapper.framework; name = SwiftUI.framework; path = System/Library/Frameworks/SwiftUI.framework; sourceTree = SDKROOT; };
		EFA1350B277C3A540060A172 /* WidgetIntentHandler.appex */ = {isa = PBXFileReference; explicitFileType = "wrapper.app-extension"; includeInIndex = 0; path = WidgetIntentHandler.appex; sourceTree = BUILT_PRODUCTS_DIR; };
		EFD6BA6D277C07650060239D /* Intents.framework */ = {isa = PBXFileReference; lastKnownFileType = wrapper.framework; name = Intents.framework; path = System/Library/Frameworks/Intents.framework; sourceTree = SDKROOT; };
		EFE76C592759EE3B00D89EA6 /* Msea.app */ = {isa = PBXFileReference; explicitFileType = wrapper.application; includeInIndex = 0; path = Msea.app; sourceTree = BUILT_PRODUCTS_DIR; };
/* End PBXFileReference section */

/* Begin PBXFileSystemSynchronizedBuildFileExceptionSet section */
		BEE97ECC2DC4A6E800C6FC66 /* PBXFileSystemSynchronizedBuildFileExceptionSet */ = {
			isa = PBXFileSystemSynchronizedBuildFileExceptionSet;
			membershipExceptions = (
				Core/EJDependency,
				Core/EJRouter,
				Core/EJToolKit,
				Featrues/Base/Common,
				Featrues/Main/AppTab,
				SDK/UMeng,
				"Supporting Files/Info.plist",
			);
			target = EFE76C582759EE3B00D89EA6 /* Msea */;
		};
		BEE97EDF2DC4A6ED00C6FC66 /* PBXFileSystemSynchronizedBuildFileExceptionSet */ = {
			isa = PBXFileSystemSynchronizedBuildFileExceptionSet;
			membershipExceptions = (
				Info.plist,
			);
			target = EF70CDE7277AA1B20049D830 /* TopicWidgetExtension */;
		};
		BEE97EE02DC4A6ED00C6FC66 /* PBXFileSystemSynchronizedBuildFileExceptionSet */ = {
			isa = PBXFileSystemSynchronizedBuildFileExceptionSet;
			membershipExceptions = (
				WidgetIntents.intentdefinition,
			);
			target = EFA1350A277C3A540060A172 /* WidgetIntentHandler */;
		};
		BEE97EE62DC4A6F200C6FC66 /* PBXFileSystemSynchronizedBuildFileExceptionSet */ = {
			isa = PBXFileSystemSynchronizedBuildFileExceptionSet;
			membershipExceptions = (
				IntentHandler.swift,
			);
			target = EFA1350A277C3A540060A172 /* WidgetIntentHandler */;
		};
/* End PBXFileSystemSynchronizedBuildFileExceptionSet section */

/* Begin PBXFileSystemSynchronizedRootGroup section */
		BEE97E542DC4A6E800C6FC66 /* Msea */ = {isa = PBXFileSystemSynchronizedRootGroup; exceptions = (BEE97ECC2DC4A6E800C6FC66 /* PBXFileSystemSynchronizedBuildFileExceptionSet */, ); explicitFileTypes = {}; explicitFolders = (); path = Msea; sourceTree = "<group>"; };
		BEE97ED62DC4A6EC00C6FC66 /* TopicWidget */ = {isa = PBXFileSystemSynchronizedRootGroup; exceptions = (BEE97EDF2DC4A6ED00C6FC66 /* PBXFileSystemSynchronizedBuildFileExceptionSet */, BEE97EE02DC4A6ED00C6FC66 /* PBXFileSystemSynchronizedBuildFileExceptionSet */, ); explicitFileTypes = {}; explicitFolders = (); path = TopicWidget; sourceTree = "<group>"; };
		BEE97EE42DC4A6F200C6FC66 /* WidgetIntentHandler */ = {isa = PBXFileSystemSynchronizedRootGroup; exceptions = (BEE97EE62DC4A6F200C6FC66 /* PBXFileSystemSynchronizedBuildFileExceptionSet */, ); explicitFileTypes = {}; explicitFolders = (); path = WidgetIntentHandler; sourceTree = "<group>"; };
/* End PBXFileSystemSynchronizedRootGroup section */

/* Begin PBXFrameworksBuildPhase section */
		EF70CDE5277AA1B20049D830 /* Frameworks */ = {
			isa = PBXFrameworksBuildPhase;
			buildActionMask = 2147483647;
			files = (
				BEE980252DC4B07600C6FC66 /* Kanna in Frameworks */,
				EF70CDEC277AA1B20049D830 /* SwiftUI.framework in Frameworks */,
				EF70CDEA277AA1B20049D830 /* WidgetKit.framework in Frameworks */,
				BE5800682DC74C7100E1FC85 /* EJExtension in Frameworks */,
			);
			runOnlyForDeploymentPostprocessing = 0;
		};
		EFA13508277C3A540060A172 /* Frameworks */ = {
			isa = PBXFrameworksBuildPhase;
			buildActionMask = 2147483647;
			files = (
				EFA1350C277C3A540060A172 /* Intents.framework in Frameworks */,
			);
			runOnlyForDeploymentPostprocessing = 0;
		};
		EFE76C562759EE3B00D89EA6 /* Frameworks */ = {
			isa = PBXFrameworksBuildPhase;
			buildActionMask = 2147483647;
			files = (
				BEB0271D2DD084F400E2EEBA /* AppTab in Frameworks */,
				BEB024BC2DD06D3100E2EEBA /* Profile in Frameworks */,
				BEB024B92DD06D2300E2EEBA /* Notice in Frameworks */,
				BEB027212DD08B0900E2EEBA /* MHome in Frameworks */,
				BE5800642DC7479200E1FC85 /* EJBase in Frameworks */,
				BE5800662DC7479200E1FC85 /* EJExtension in Frameworks */,
				BEB0271F2DD08B0900E2EEBA /* IHome in Frameworks */,
				BEB024B62DD06D1600E2EEBA /* Node in Frameworks */,
				BEE980232DC4AF0800C6FC66 /* Profile in Frameworks */,
				BE354D532DC4B7F1000479AC /* UMeng in Frameworks */,
				BEE9801D2DC4AEE100C6FC66 /* Node in Frameworks */,
				BE58006F2DC75CFF00E1FC85 /* Common in Frameworks */,
				BE894D832DC654FF00F3AE48 /* AlertToast in Frameworks */,
				BEE97DAF2DC4A59900C6FC66 /* Kanna in Frameworks */,
				BEE980202DC4AEF800C6FC66 /* Notice in Frameworks */,
			);
			runOnlyForDeploymentPostprocessing = 0;
		};
/* End PBXFrameworksBuildPhase section */

/* Begin PBXGroup section */
		8E28B34AB5F4C4ED14A412FC /* Frameworks */ = {
			isa = PBXGroup;
			children = (
				BEB998132DC4BCE1002640F9 /* libsqlite3.tbd */,
				7606A8EEA1BD777F45CBF959 /* Pods_Msea.framework */,
				EF70CDE9277AA1B20049D830 /* WidgetKit.framework */,
				EF70CDEB277AA1B20049D830 /* SwiftUI.framework */,
				EFD6BA6D277C07650060239D /* Intents.framework */,
			);
			name = Frameworks;
			sourceTree = "<group>";
		};
		EFE76C502759EE3B00D89EA6 = {
			isa = PBXGroup;
			children = (
				BEE97E542DC4A6E800C6FC66 /* Msea */,
				BEE97ED62DC4A6EC00C6FC66 /* TopicWidget */,
				BEE97EE42DC4A6F200C6FC66 /* WidgetIntentHandler */,
				EFE76C5A2759EE3B00D89EA6 /* Products */,
				8E28B34AB5F4C4ED14A412FC /* Frameworks */,
			);
			sourceTree = "<group>";
		};
		EFE76C5A2759EE3B00D89EA6 /* Products */ = {
			isa = PBXGroup;
			children = (
				EFE76C592759EE3B00D89EA6 /* Msea.app */,
				EF70CDE8277AA1B20049D830 /* TopicWidgetExtension.appex */,
				EFA1350B277C3A540060A172 /* WidgetIntentHandler.appex */,
			);
			name = Products;
			sourceTree = "<group>";
		};
/* End PBXGroup section */

/* Begin PBXNativeTarget section */
		EF70CDE7277AA1B20049D830 /* TopicWidgetExtension */ = {
			isa = PBXNativeTarget;
			buildConfigurationList = EF70CDF9277AA1B30049D830 /* Build configuration list for PBXNativeTarget "TopicWidgetExtension" */;
			buildPhases = (
				EF70CDE4277AA1B20049D830 /* Sources */,
				EF70CDE5277AA1B20049D830 /* Frameworks */,
				EF70CDE6277AA1B20049D830 /* Resources */,
			);
			buildRules = (
			);
			dependencies = (
			);
			fileSystemSynchronizedGroups = (
				BEE97ED62DC4A6EC00C6FC66 /* TopicWidget */,
			);
			name = TopicWidgetExtension;
			packageProductDependencies = (
				BE5800672DC74C7100E1FC85 /* EJExtension */,
			);
			productName = TopicWidgetExtension;
			productReference = EF70CDE8277AA1B20049D830 /* TopicWidgetExtension.appex */;
			productType = "com.apple.product-type.app-extension";
		};
		EFA1350A277C3A540060A172 /* WidgetIntentHandler */ = {
			isa = PBXNativeTarget;
			buildConfigurationList = EFA13514277C3A540060A172 /* Build configuration list for PBXNativeTarget "WidgetIntentHandler" */;
			buildPhases = (
				EFA13507277C3A540060A172 /* Sources */,
				EFA13508277C3A540060A172 /* Frameworks */,
				EFA13509277C3A540060A172 /* Resources */,
			);
			buildRules = (
			);
			dependencies = (
			);
			name = WidgetIntentHandler;
			packageProductDependencies = (
			);
			productName = WidgetIntentHandler;
			productReference = EFA1350B277C3A540060A172 /* WidgetIntentHandler.appex */;
			productType = "com.apple.product-type.app-extension";
		};
		EFE76C582759EE3B00D89EA6 /* Msea */ = {
			isa = PBXNativeTarget;
			buildConfigurationList = EFE76C672759EE3C00D89EA6 /* Build configuration list for PBXNativeTarget "Msea" */;
			buildPhases = (
				EFE76C552759EE3B00D89EA6 /* Sources */,
				BE03919A2DC4BFBD00928FEF /* Run SwiftLint */,
				EFE76C562759EE3B00D89EA6 /* Frameworks */,
				EFE76C572759EE3B00D89EA6 /* Resources */,
				EF70CDF6277AA1B30049D830 /* Embed Foundation Extensions */,
			);
			buildRules = (
			);
			dependencies = (
				BEE97DAC2DC4A55000C6FC66 /* PBXTargetDependency */,
				EF70CDF4277AA1B30049D830 /* PBXTargetDependency */,
				EFA13512277C3A540060A172 /* PBXTargetDependency */,
			);
			fileSystemSynchronizedGroups = (
				BEE97E542DC4A6E800C6FC66 /* Msea */,
			);
			name = Msea;
			packageProductDependencies = (
				BE354D522DC4B7F1000479AC /* UMeng */,
				BE894D822DC654FF00F3AE48 /* AlertToast */,
				BE5800632DC7479200E1FC85 /* EJBase */,
				BE5800652DC7479200E1FC85 /* EJExtension */,
				BE58006E2DC75CFF00E1FC85 /* Common */,
				BEB024B52DD06D1600E2EEBA /* Node */,
				BEB024B82DD06D2300E2EEBA /* Notice */,
				BEB024BB2DD06D3100E2EEBA /* Profile */,
				BEB0271C2DD084F400E2EEBA /* AppTab */,
				BEB0271E2DD08B0900E2EEBA /* IHome */,
				BEB027202DD08B0900E2EEBA /* MHome */,
			);
			productName = Msea;
			productReference = EFE76C592759EE3B00D89EA6 /* Msea.app */;
			productType = "com.apple.product-type.application";
		};
/* End PBXNativeTarget section */

/* Begin PBXProject section */
		EFE76C512759EE3B00D89EA6 /* Project object */ = {
			isa = PBXProject;
			attributes = {
				BuildIndependentTargetsInParallel = 1;
				LastSwiftUpdateCheck = 1320;
				LastUpgradeCheck = 1630;
				ORGANIZATIONNAME = eternal.just;
				TargetAttributes = {
					EF70CDE7277AA1B20049D830 = {
						CreatedOnToolsVersion = 13.2.1;
					};
					EFA1350A277C3A540060A172 = {
						CreatedOnToolsVersion = 13.2.1;
					};
					EFE76C582759EE3B00D89EA6 = {
						CreatedOnToolsVersion = 13.1;
					};
				};
			};
			buildConfigurationList = EFE76C542759EE3B00D89EA6 /* Build configuration list for PBXProject "Msea" */;
			compatibilityVersion = "Xcode 15.0";
			developmentRegion = "zh-Hans";
			hasScannedForEncodings = 0;
			knownRegions = (
				"zh-Hans",
				Base,
			);
			mainGroup = EFE76C502759EE3B00D89EA6;
			packageReferences = (
				BEE97DAA2DC4A4CE00C6FC66 /* XCRemoteSwiftPackageReference "SwiftLintPlugins" */,
				BEE97DAD2DC4A59900C6FC66 /* XCRemoteSwiftPackageReference "Kanna" */,
				BE354D512DC4B7F1000479AC /* XCLocalSwiftPackageReference "Msea/SDK/UMeng" */,
				BE894D812DC654FF00F3AE48 /* XCRemoteSwiftPackageReference "AlertToast" */,
				BEB024B12DD06D0600E2EEBA /* XCLocalSwiftPackageReference "Msea/Featrues/Main/Home" */,
				BEB024B42DD06D1600E2EEBA /* XCLocalSwiftPackageReference "Msea/Featrues/Main/Node" */,
				BEB024B72DD06D2300E2EEBA /* XCLocalSwiftPackageReference "Msea/Featrues/Main/Notice" */,
				BEB024BA2DD06D3100E2EEBA /* XCLocalSwiftPackageReference "Msea/Featrues/Main/Profile" */,
			);
			productRefGroup = EFE76C5A2759EE3B00D89EA6 /* Products */;
			projectDirPath = "";
			projectRoot = "";
			targets = (
				EFE76C582759EE3B00D89EA6 /* Msea */,
				EF70CDE7277AA1B20049D830 /* TopicWidgetExtension */,
				EFA1350A277C3A540060A172 /* WidgetIntentHandler */,
			);
		};
/* End PBXProject section */

/* Begin PBXResourcesBuildPhase section */
		EF70CDE6277AA1B20049D830 /* Resources */ = {
			isa = PBXResourcesBuildPhase;
			buildActionMask = 2147483647;
			files = (
			);
			runOnlyForDeploymentPostprocessing = 0;
		};
		EFA13509277C3A540060A172 /* Resources */ = {
			isa = PBXResourcesBuildPhase;
			buildActionMask = 2147483647;
			files = (
			);
			runOnlyForDeploymentPostprocessing = 0;
		};
		EFE76C572759EE3B00D89EA6 /* Resources */ = {
			isa = PBXResourcesBuildPhase;
			buildActionMask = 2147483647;
			files = (
			);
			runOnlyForDeploymentPostprocessing = 0;
		};
/* End PBXResourcesBuildPhase section */

/* Begin PBXShellScriptBuildPhase section */
		BE03919A2DC4BFBD00928FEF /* Run SwiftLint */ = {
			isa = PBXShellScriptBuildPhase;
			buildActionMask = 2147483647;
			files = (
			);
			inputFileListPaths = (
			);
			inputPaths = (
			);
			name = "Run SwiftLint";
			outputFileListPaths = (
			);
			outputPaths = (
			);
			runOnlyForDeploymentPostprocessing = 0;
			shellPath = /bin/sh;
			shellScript = "if [[ \"$(uname -m)\" == arm64 ]]; then\n    export PATH=\"/opt/homebrew/bin:$PATH\"\nfi\n\nif which swiftlint > /dev/null; then\n  swiftlint lint --fix\nelse\n  echo \"warning: SwiftLint not installed, download from https://github.com/realm/SwiftLint\"\nfi\n\n\n\n\n";
		};
/* End PBXShellScriptBuildPhase section */

/* Begin PBXSourcesBuildPhase section */
		EF70CDE4277AA1B20049D830 /* Sources */ = {
			isa = PBXSourcesBuildPhase;
			buildActionMask = 2147483647;
			files = (
			);
			runOnlyForDeploymentPostprocessing = 0;
		};
		EFA13507277C3A540060A172 /* Sources */ = {
			isa = PBXSourcesBuildPhase;
			buildActionMask = 2147483647;
			files = (
			);
			runOnlyForDeploymentPostprocessing = 0;
		};
		EFE76C552759EE3B00D89EA6 /* Sources */ = {
			isa = PBXSourcesBuildPhase;
			buildActionMask = 2147483647;
			files = (
			);
			runOnlyForDeploymentPostprocessing = 0;
		};
/* End PBXSourcesBuildPhase section */

/* Begin PBXTargetDependency section */
		BEE97DAC2DC4A55000C6FC66 /* PBXTargetDependency */ = {
			isa = PBXTargetDependency;
			productRef = BEE97DAB2DC4A55000C6FC66 /* SwiftLintBuildToolPlugin */;
		};
		EF70CDF4277AA1B30049D830 /* PBXTargetDependency */ = {
			isa = PBXTargetDependency;
			target = EF70CDE7277AA1B20049D830 /* TopicWidgetExtension */;
			targetProxy = EF70CDF3277AA1B30049D830 /* PBXContainerItemProxy */;
		};
		EFA13512277C3A540060A172 /* PBXTargetDependency */ = {
			isa = PBXTargetDependency;
			target = EFA1350A277C3A540060A172 /* WidgetIntentHandler */;
			targetProxy = EFA13511277C3A540060A172 /* PBXContainerItemProxy */;
		};
/* End PBXTargetDependency section */

/* Begin XCBuildConfiguration section */
		EF70CDF7277AA1B30049D830 /* Debug */ = {
			isa = XCBuildConfiguration;
			buildSettings = {
				ASSETCATALOG_COMPILER_GLOBAL_ACCENT_COLOR_NAME = AccentColor;
				ASSETCATALOG_COMPILER_WIDGET_BACKGROUND_COLOR_NAME = WidgetBackground;
				CODE_SIGN_ENTITLEMENTS = TopicWidget/TopicWidgetExtension.entitlements;
				CODE_SIGN_STYLE = Automatic;
				CURRENT_PROJECT_VERSION = 66;
				"EXCLUDED_ARCHS[sdk=iphonesimulator*]" = "";
				GENERATE_INFOPLIST_FILE = YES;
				INFOPLIST_FILE = TopicWidget/Info.plist;
				INFOPLIST_KEY_CFBundleDisplayName = TopicWidget;
				INFOPLIST_KEY_NSHumanReadableCopyright = "Copyright © 2021 eternal.just. All rights reserved.";
				IPHONEOS_DEPLOYMENT_TARGET = 17.0;
				LD_RUNPATH_SEARCH_PATHS = (
					"$(inherited)",
					"@executable_path/Frameworks",
					"@executable_path/../../Frameworks",
				);
				MARKETING_VERSION = 2.0.0;
				PRODUCT_BUNDLE_IDENTIFIER = com.eternaljust.Msea.TopicWidget;
				PRODUCT_NAME = "$(TARGET_NAME)";
				SKIP_INSTALL = YES;
				SWIFT_EMIT_LOC_STRINGS = YES;
				SWIFT_VERSION = 5.0;
				TARGETED_DEVICE_FAMILY = "1,2";
			};
			name = Debug;
		};
		EF70CDF8277AA1B30049D830 /* Release */ = {
			isa = XCBuildConfiguration;
			buildSettings = {
				ASSETCATALOG_COMPILER_GLOBAL_ACCENT_COLOR_NAME = AccentColor;
				ASSETCATALOG_COMPILER_WIDGET_BACKGROUND_COLOR_NAME = WidgetBackground;
				CODE_SIGN_ENTITLEMENTS = TopicWidget/TopicWidgetExtension.entitlements;
				CODE_SIGN_STYLE = Automatic;
				CURRENT_PROJECT_VERSION = 66;
				"EXCLUDED_ARCHS[sdk=iphonesimulator*]" = "";
				GENERATE_INFOPLIST_FILE = YES;
				INFOPLIST_FILE = TopicWidget/Info.plist;
				INFOPLIST_KEY_CFBundleDisplayName = TopicWidget;
				INFOPLIST_KEY_NSHumanReadableCopyright = "Copyright © 2021 eternal.just. All rights reserved.";
				IPHONEOS_DEPLOYMENT_TARGET = 17.0;
				LD_RUNPATH_SEARCH_PATHS = (
					"$(inherited)",
					"@executable_path/Frameworks",
					"@executable_path/../../Frameworks",
				);
				MARKETING_VERSION = 2.0.0;
				PRODUCT_BUNDLE_IDENTIFIER = com.eternaljust.Msea.TopicWidget;
				PRODUCT_NAME = "$(TARGET_NAME)";
				SKIP_INSTALL = YES;
				SWIFT_EMIT_LOC_STRINGS = YES;
				SWIFT_VERSION = 5.0;
				TARGETED_DEVICE_FAMILY = "1,2";
			};
			name = Release;
		};
		EFA13515277C3A540060A172 /* Debug */ = {
			isa = XCBuildConfiguration;
			buildSettings = {
				CODE_SIGN_ENTITLEMENTS = WidgetIntentHandler/WidgetIntentHandler.entitlements;
				CODE_SIGN_STYLE = Automatic;
				CURRENT_PROJECT_VERSION = 66;
				"EXCLUDED_ARCHS[sdk=iphonesimulator*]" = "";
				GENERATE_INFOPLIST_FILE = YES;
				INFOPLIST_FILE = WidgetIntentHandler/Info.plist;
				INFOPLIST_KEY_CFBundleDisplayName = WidgetIntentHandler;
				INFOPLIST_KEY_NSHumanReadableCopyright = "Copyright © 2021 eternal.just. All rights reserved.";
				IPHONEOS_DEPLOYMENT_TARGET = 17.0;
				LD_RUNPATH_SEARCH_PATHS = (
					"$(inherited)",
					"@executable_path/Frameworks",
					"@executable_path/../../Frameworks",
				);
				MARKETING_VERSION = 2.0.0;
				PRODUCT_BUNDLE_IDENTIFIER = com.eternaljust.Msea.WidgetIntentHandler;
				PRODUCT_NAME = "$(TARGET_NAME)";
				SKIP_INSTALL = YES;
				SWIFT_EMIT_LOC_STRINGS = YES;
				SWIFT_VERSION = 5.0;
				TARGETED_DEVICE_FAMILY = "1,2";
			};
			name = Debug;
		};
		EFA13516277C3A540060A172 /* Release */ = {
			isa = XCBuildConfiguration;
			buildSettings = {
				CODE_SIGN_ENTITLEMENTS = WidgetIntentHandler/WidgetIntentHandler.entitlements;
				CODE_SIGN_STYLE = Automatic;
				CURRENT_PROJECT_VERSION = 66;
				"EXCLUDED_ARCHS[sdk=iphonesimulator*]" = "";
				GENERATE_INFOPLIST_FILE = YES;
				INFOPLIST_FILE = WidgetIntentHandler/Info.plist;
				INFOPLIST_KEY_CFBundleDisplayName = WidgetIntentHandler;
				INFOPLIST_KEY_NSHumanReadableCopyright = "Copyright © 2021 eternal.just. All rights reserved.";
				IPHONEOS_DEPLOYMENT_TARGET = 17.0;
				LD_RUNPATH_SEARCH_PATHS = (
					"$(inherited)",
					"@executable_path/Frameworks",
					"@executable_path/../../Frameworks",
				);
				MARKETING_VERSION = 2.0.0;
				PRODUCT_BUNDLE_IDENTIFIER = com.eternaljust.Msea.WidgetIntentHandler;
				PRODUCT_NAME = "$(TARGET_NAME)";
				SKIP_INSTALL = YES;
				SWIFT_EMIT_LOC_STRINGS = YES;
				SWIFT_VERSION = 5.0;
				TARGETED_DEVICE_FAMILY = "1,2";
			};
			name = Release;
		};
		EFE76C652759EE3C00D89EA6 /* Debug */ = {
			isa = XCBuildConfiguration;
			buildSettings = {
				ALWAYS_SEARCH_USER_PATHS = NO;
				ASSETCATALOG_COMPILER_GENERATE_SWIFT_ASSET_SYMBOL_EXTENSIONS = YES;
				CLANG_ANALYZER_NONNULL = YES;
				CLANG_ANALYZER_NUMBER_OBJECT_CONVERSION = YES_AGGRESSIVE;
				CLANG_CXX_LANGUAGE_STANDARD = "gnu++17";
				CLANG_CXX_LIBRARY = "libc++";
				CLANG_ENABLE_MODULES = YES;
				CLANG_ENABLE_OBJC_ARC = YES;
				CLANG_ENABLE_OBJC_WEAK = YES;
				CLANG_WARN_BLOCK_CAPTURE_AUTORELEASING = YES;
				CLANG_WARN_BOOL_CONVERSION = YES;
				CLANG_WARN_COMMA = YES;
				CLANG_WARN_CONSTANT_CONVERSION = YES;
				CLANG_WARN_DEPRECATED_OBJC_IMPLEMENTATIONS = YES;
				CLANG_WARN_DIRECT_OBJC_ISA_USAGE = YES_ERROR;
				CLANG_WARN_DOCUMENTATION_COMMENTS = YES;
				CLANG_WARN_EMPTY_BODY = YES;
				CLANG_WARN_ENUM_CONVERSION = YES;
				CLANG_WARN_INFINITE_RECURSION = YES;
				CLANG_WARN_INT_CONVERSION = YES;
				CLANG_WARN_NON_LITERAL_NULL_CONVERSION = YES;
				CLANG_WARN_OBJC_IMPLICIT_RETAIN_SELF = YES;
				CLANG_WARN_OBJC_LITERAL_CONVERSION = YES;
				CLANG_WARN_OBJC_ROOT_CLASS = YES_ERROR;
				CLANG_WARN_QUOTED_INCLUDE_IN_FRAMEWORK_HEADER = YES;
				CLANG_WARN_RANGE_LOOP_ANALYSIS = YES;
				CLANG_WARN_STRICT_PROTOTYPES = YES;
				CLANG_WARN_SUSPICIOUS_MOVE = YES;
				CLANG_WARN_UNGUARDED_AVAILABILITY = YES_AGGRESSIVE;
				CLANG_WARN_UNREACHABLE_CODE = YES;
				CLANG_WARN__DUPLICATE_METHOD_MATCH = YES;
				COPY_PHASE_STRIP = NO;
				DEBUG_INFORMATION_FORMAT = dwarf;
				DEVELOPMENT_TEAM = 936M5Y4RHX;
				ENABLE_STRICT_OBJC_MSGSEND = YES;
				ENABLE_TESTABILITY = YES;
				ENABLE_USER_SCRIPT_SANDBOXING = YES;
				"EXCLUDED_ARCHS[sdk=iphonesimulator*]" = arm64;
				GCC_C_LANGUAGE_STANDARD = gnu11;
				GCC_DYNAMIC_NO_PIC = NO;
				GCC_NO_COMMON_BLOCKS = YES;
				GCC_OPTIMIZATION_LEVEL = 0;
				GCC_PREPROCESSOR_DEFINITIONS = (
					"DEBUG=1",
					"$(inherited)",
				);
				GCC_WARN_64_TO_32_BIT_CONVERSION = YES;
				GCC_WARN_ABOUT_RETURN_TYPE = YES_ERROR;
				GCC_WARN_UNDECLARED_SELECTOR = YES;
				GCC_WARN_UNINITIALIZED_AUTOS = YES_AGGRESSIVE;
				GCC_WARN_UNUSED_FUNCTION = YES;
				GCC_WARN_UNUSED_VARIABLE = YES;
				IPHONEOS_DEPLOYMENT_TARGET = 15.0;
				MTL_ENABLE_DEBUG_INFO = INCLUDE_SOURCE;
				MTL_FAST_MATH = YES;
				ONLY_ACTIVE_ARCH = YES;
				SDKROOT = iphoneos;
				SWIFT_ACTIVE_COMPILATION_CONDITIONS = DEBUG;
				SWIFT_OPTIMIZATION_LEVEL = "-Onone";
			};
			name = Debug;
		};
		EFE76C662759EE3C00D89EA6 /* Release */ = {
			isa = XCBuildConfiguration;
			buildSettings = {
				ALWAYS_SEARCH_USER_PATHS = NO;
				ASSETCATALOG_COMPILER_GENERATE_SWIFT_ASSET_SYMBOL_EXTENSIONS = YES;
				CLANG_ANALYZER_NONNULL = YES;
				CLANG_ANALYZER_NUMBER_OBJECT_CONVERSION = YES_AGGRESSIVE;
				CLANG_CXX_LANGUAGE_STANDARD = "gnu++17";
				CLANG_CXX_LIBRARY = "libc++";
				CLANG_ENABLE_MODULES = YES;
				CLANG_ENABLE_OBJC_ARC = YES;
				CLANG_ENABLE_OBJC_WEAK = YES;
				CLANG_WARN_BLOCK_CAPTURE_AUTORELEASING = YES;
				CLANG_WARN_BOOL_CONVERSION = YES;
				CLANG_WARN_COMMA = YES;
				CLANG_WARN_CONSTANT_CONVERSION = YES;
				CLANG_WARN_DEPRECATED_OBJC_IMPLEMENTATIONS = YES;
				CLANG_WARN_DIRECT_OBJC_ISA_USAGE = YES_ERROR;
				CLANG_WARN_DOCUMENTATION_COMMENTS = YES;
				CLANG_WARN_EMPTY_BODY = YES;
				CLANG_WARN_ENUM_CONVERSION = YES;
				CLANG_WARN_INFINITE_RECURSION = YES;
				CLANG_WARN_INT_CONVERSION = YES;
				CLANG_WARN_NON_LITERAL_NULL_CONVERSION = YES;
				CLANG_WARN_OBJC_IMPLICIT_RETAIN_SELF = YES;
				CLANG_WARN_OBJC_LITERAL_CONVERSION = YES;
				CLANG_WARN_OBJC_ROOT_CLASS = YES_ERROR;
				CLANG_WARN_QUOTED_INCLUDE_IN_FRAMEWORK_HEADER = YES;
				CLANG_WARN_RANGE_LOOP_ANALYSIS = YES;
				CLANG_WARN_STRICT_PROTOTYPES = YES;
				CLANG_WARN_SUSPICIOUS_MOVE = YES;
				CLANG_WARN_UNGUARDED_AVAILABILITY = YES_AGGRESSIVE;
				CLANG_WARN_UNREACHABLE_CODE = YES;
				CLANG_WARN__DUPLICATE_METHOD_MATCH = YES;
				COPY_PHASE_STRIP = NO;
				DEBUG_INFORMATION_FORMAT = "dwarf-with-dsym";
				DEVELOPMENT_TEAM = 936M5Y4RHX;
				ENABLE_NS_ASSERTIONS = NO;
				ENABLE_STRICT_OBJC_MSGSEND = YES;
				ENABLE_USER_SCRIPT_SANDBOXING = YES;
				"EXCLUDED_ARCHS[sdk=iphonesimulator*]" = arm64;
				GCC_C_LANGUAGE_STANDARD = gnu11;
				GCC_NO_COMMON_BLOCKS = YES;
				GCC_WARN_64_TO_32_BIT_CONVERSION = YES;
				GCC_WARN_ABOUT_RETURN_TYPE = YES_ERROR;
				GCC_WARN_UNDECLARED_SELECTOR = YES;
				GCC_WARN_UNINITIALIZED_AUTOS = YES_AGGRESSIVE;
				GCC_WARN_UNUSED_FUNCTION = YES;
				GCC_WARN_UNUSED_VARIABLE = YES;
				IPHONEOS_DEPLOYMENT_TARGET = 15.0;
				MTL_ENABLE_DEBUG_INFO = NO;
				MTL_FAST_MATH = YES;
				SDKROOT = iphoneos;
				SWIFT_COMPILATION_MODE = wholemodule;
				SWIFT_OPTIMIZATION_LEVEL = "-O";
				VALIDATE_PRODUCT = YES;
			};
			name = Release;
		};
		EFE76C682759EE3C00D89EA6 /* Debug */ = {
			isa = XCBuildConfiguration;
			buildSettings = {
				ASSETCATALOG_COMPILER_APPICON_NAME = AppIcon;
				ASSETCATALOG_COMPILER_GLOBAL_ACCENT_COLOR_NAME = AccentColor;
				CODE_SIGN_ENTITLEMENTS = "$(SRCROOT)/Msea/Supporting Files/Msea.entitlements";
				CODE_SIGN_STYLE = Automatic;
				CURRENT_PROJECT_VERSION = 66;
				DEVELOPMENT_ASSET_PATHS = "\"Msea/Resources/Preview Content\"";
				ENABLE_PREVIEWS = YES;
				ENABLE_USER_SCRIPT_SANDBOXING = NO;
				"EXCLUDED_ARCHS[sdk=iphonesimulator*]" = "";
				GENERATE_INFOPLIST_FILE = YES;
				INFOPLIST_FILE = "Msea/Supporting Files/Info.plist";
				INFOPLIST_KEY_UIApplicationSupportsIndirectInputEvents = YES;
				INFOPLIST_KEY_UILaunchScreen_Generation = YES;
				INFOPLIST_KEY_UILaunchStoryboardName = "Launch Screen";
				INFOPLIST_KEY_UISupportedInterfaceOrientations = UIInterfaceOrientationPortrait;
				INFOPLIST_KEY_UISupportedInterfaceOrientations_iPad = "UIInterfaceOrientationPortrait UIInterfaceOrientationPortraitUpsideDown UIInterfaceOrientationLandscapeLeft UIInterfaceOrientationLandscapeRight";
				INFOPLIST_KEY_UISupportedInterfaceOrientations_iPhone = "UIInterfaceOrientationPortrait UIInterfaceOrientationLandscapeLeft UIInterfaceOrientationLandscapeRight";
				IPHONEOS_DEPLOYMENT_TARGET = 17.0;
				LD_RUNPATH_SEARCH_PATHS = (
					"$(inherited)",
					"@executable_path/Frameworks",
				);
				MARKETING_VERSION = 2.0.0;
				PRODUCT_BUNDLE_IDENTIFIER = com.eternaljust.Msea;
				PRODUCT_NAME = "$(TARGET_NAME)";
				SWIFT_EMIT_LOC_STRINGS = YES;
				SWIFT_OBJC_BRIDGING_HEADER = "";
				SWIFT_VERSION = 5.0;
				TARGETED_DEVICE_FAMILY = "1,2";
			};
			name = Debug;
		};
		EFE76C692759EE3C00D89EA6 /* Release */ = {
			isa = XCBuildConfiguration;
			buildSettings = {
				ASSETCATALOG_COMPILER_APPICON_NAME = AppIcon;
				ASSETCATALOG_COMPILER_GLOBAL_ACCENT_COLOR_NAME = AccentColor;
				CODE_SIGN_ENTITLEMENTS = "$(SRCROOT)/Msea/Supporting Files/Msea.entitlements";
				CODE_SIGN_STYLE = Automatic;
				CURRENT_PROJECT_VERSION = 66;
				DEVELOPMENT_ASSET_PATHS = "\"Msea/Resources/Preview Content\"";
				ENABLE_PREVIEWS = YES;
				ENABLE_USER_SCRIPT_SANDBOXING = NO;
				"EXCLUDED_ARCHS[sdk=iphonesimulator*]" = "";
				GENERATE_INFOPLIST_FILE = YES;
				INFOPLIST_FILE = "Msea/Supporting Files/Info.plist";
				INFOPLIST_KEY_UIApplicationSupportsIndirectInputEvents = YES;
				INFOPLIST_KEY_UILaunchScreen_Generation = YES;
				INFOPLIST_KEY_UILaunchStoryboardName = "Launch Screen";
				INFOPLIST_KEY_UISupportedInterfaceOrientations = UIInterfaceOrientationPortrait;
				INFOPLIST_KEY_UISupportedInterfaceOrientations_iPad = "UIInterfaceOrientationPortrait UIInterfaceOrientationPortraitUpsideDown UIInterfaceOrientationLandscapeLeft UIInterfaceOrientationLandscapeRight";
				INFOPLIST_KEY_UISupportedInterfaceOrientations_iPhone = "UIInterfaceOrientationPortrait UIInterfaceOrientationLandscapeLeft UIInterfaceOrientationLandscapeRight";
				IPHONEOS_DEPLOYMENT_TARGET = 17.0;
				LD_RUNPATH_SEARCH_PATHS = (
					"$(inherited)",
					"@executable_path/Frameworks",
				);
				MARKETING_VERSION = 2.0.0;
				PRODUCT_BUNDLE_IDENTIFIER = com.eternaljust.Msea;
				PRODUCT_NAME = "$(TARGET_NAME)";
				SWIFT_EMIT_LOC_STRINGS = YES;
				SWIFT_OBJC_BRIDGING_HEADER = "";
				SWIFT_VERSION = 5.0;
				TARGETED_DEVICE_FAMILY = "1,2";
			};
			name = Release;
		};
/* End XCBuildConfiguration section */

/* Begin XCConfigurationList section */
		EF70CDF9277AA1B30049D830 /* Build configuration list for PBXNativeTarget "TopicWidgetExtension" */ = {
			isa = XCConfigurationList;
			buildConfigurations = (
				EF70CDF7277AA1B30049D830 /* Debug */,
				EF70CDF8277AA1B30049D830 /* Release */,
			);
			defaultConfigurationIsVisible = 0;
			defaultConfigurationName = Release;
		};
		EFA13514277C3A540060A172 /* Build configuration list for PBXNativeTarget "WidgetIntentHandler" */ = {
			isa = XCConfigurationList;
			buildConfigurations = (
				EFA13515277C3A540060A172 /* Debug */,
				EFA13516277C3A540060A172 /* Release */,
			);
			defaultConfigurationIsVisible = 0;
			defaultConfigurationName = Release;
		};
		EFE76C542759EE3B00D89EA6 /* Build configuration list for PBXProject "Msea" */ = {
			isa = XCConfigurationList;
			buildConfigurations = (
				EFE76C652759EE3C00D89EA6 /* Debug */,
				EFE76C662759EE3C00D89EA6 /* Release */,
			);
			defaultConfigurationIsVisible = 0;
			defaultConfigurationName = Release;
		};
		EFE76C672759EE3C00D89EA6 /* Build configuration list for PBXNativeTarget "Msea" */ = {
			isa = XCConfigurationList;
			buildConfigurations = (
				EFE76C682759EE3C00D89EA6 /* Debug */,
				EFE76C692759EE3C00D89EA6 /* Release */,
			);
			defaultConfigurationIsVisible = 0;
			defaultConfigurationName = Release;
		};
/* End XCConfigurationList section */

/* Begin XCLocalSwiftPackageReference section */
		BE354D512DC4B7F1000479AC /* XCLocalSwiftPackageReference "Msea/SDK/UMeng" */ = {
			isa = XCLocalSwiftPackageReference;
			relativePath = Msea/SDK/UMeng;
		};
		BEB024B12DD06D0600E2EEBA /* XCLocalSwiftPackageReference "Msea/Featrues/Main/Home" */ = {
			isa = XCLocalSwiftPackageReference;
			relativePath = Msea/Featrues/Main/Home;
		};
		BEB024B42DD06D1600E2EEBA /* XCLocalSwiftPackageReference "Msea/Featrues/Main/Node" */ = {
			isa = XCLocalSwiftPackageReference;
			relativePath = Msea/Featrues/Main/Node;
		};
		BEB024B72DD06D2300E2EEBA /* XCLocalSwiftPackageReference "Msea/Featrues/Main/Notice" */ = {
			isa = XCLocalSwiftPackageReference;
			relativePath = Msea/Featrues/Main/Notice;
		};
		BEB024BA2DD06D3100E2EEBA /* XCLocalSwiftPackageReference "Msea/Featrues/Main/Profile" */ = {
			isa = XCLocalSwiftPackageReference;
			relativePath = Msea/Featrues/Main/Profile;
		};
/* End XCLocalSwiftPackageReference section */

/* Begin XCRemoteSwiftPackageReference section */
		BE894D812DC654FF00F3AE48 /* XCRemoteSwiftPackageReference "AlertToast" */ = {
			isa = XCRemoteSwiftPackageReference;
			repositoryURL = "https://github.com/elai950/AlertToast.git";
			requirement = {
				kind = upToNextMajorVersion;
				minimumVersion = 1.3.9;
			};
		};
		BEE97DAA2DC4A4CE00C6FC66 /* XCRemoteSwiftPackageReference "SwiftLintPlugins" */ = {
			isa = XCRemoteSwiftPackageReference;
			repositoryURL = "https://github.com/SimplyDanny/SwiftLintPlugins";
			requirement = {
				kind = upToNextMajorVersion;
				minimumVersion = 0.59.1;
			};
		};
		BEE97DAD2DC4A59900C6FC66 /* XCRemoteSwiftPackageReference "Kanna" */ = {
			isa = XCRemoteSwiftPackageReference;
			repositoryURL = "https://github.com/tid-kijyun/Kanna.git";
			requirement = {
				kind = upToNextMajorVersion;
				minimumVersion = 5.3.0;
			};
		};
/* End XCRemoteSwiftPackageReference section */

/* Begin XCSwiftPackageProductDependency section */
		BE354D522DC4B7F1000479AC /* UMeng */ = {
			isa = XCSwiftPackageProductDependency;
			productName = UMeng;
		};
		BE5800632DC7479200E1FC85 /* EJBase */ = {
			isa = XCSwiftPackageProductDependency;
			productName = EJBase;
		};
		BE5800652DC7479200E1FC85 /* EJExtension */ = {
			isa = XCSwiftPackageProductDependency;
			productName = EJExtension;
		};
		BE5800672DC74C7100E1FC85 /* EJExtension */ = {
			isa = XCSwiftPackageProductDependency;
			productName = EJExtension;
		};
		BE58006E2DC75CFF00E1FC85 /* Common */ = {
			isa = XCSwiftPackageProductDependency;
			productName = Common;
		};
		BE894D822DC654FF00F3AE48 /* AlertToast */ = {
			isa = XCSwiftPackageProductDependency;
			package = BE894D812DC654FF00F3AE48 /* XCRemoteSwiftPackageReference "AlertToast" */;
			productName = AlertToast;
		};
		BEB024B52DD06D1600E2EEBA /* Node */ = {
			isa = XCSwiftPackageProductDependency;
			productName = Node;
		};
		BEB024B82DD06D2300E2EEBA /* Notice */ = {
			isa = XCSwiftPackageProductDependency;
			productName = Notice;
		};
		BEB024BB2DD06D3100E2EEBA /* Profile */ = {
			isa = XCSwiftPackageProductDependency;
			productName = Profile;
		};
		BEB0271C2DD084F400E2EEBA /* AppTab */ = {
			isa = XCSwiftPackageProductDependency;
			productName = AppTab;
		};
		BEB0271E2DD08B0900E2EEBA /* IHome */ = {
			isa = XCSwiftPackageProductDependency;
			productName = IHome;
		};
		BEB027202DD08B0900E2EEBA /* MHome */ = {
			isa = XCSwiftPackageProductDependency;
			productName = MHome;
		};
		BEE97DAB2DC4A55000C6FC66 /* SwiftLintBuildToolPlugin */ = {
			isa = XCSwiftPackageProductDependency;
			package = BEE97DAA2DC4A4CE00C6FC66 /* XCRemoteSwiftPackageReference "SwiftLintPlugins" */;
			productName = "plugin:SwiftLintBuildToolPlugin";
		};
		BEE97DAE2DC4A59900C6FC66 /* Kanna */ = {
			isa = XCSwiftPackageProductDependency;
			package = BEE97DAD2DC4A59900C6FC66 /* XCRemoteSwiftPackageReference "Kanna" */;
			productName = Kanna;
		};
		BEE9801C2DC4AEE100C6FC66 /* Node */ = {
			isa = XCSwiftPackageProductDependency;
			productName = Node;
		};
		BEE9801F2DC4AEF800C6FC66 /* Notice */ = {
			isa = XCSwiftPackageProductDependency;
			productName = Notice;
		};
		BEE980222DC4AF0800C6FC66 /* Profile */ = {
			isa = XCSwiftPackageProductDependency;
			productName = Profile;
		};
		BEE980242DC4B07600C6FC66 /* Kanna */ = {
			isa = XCSwiftPackageProductDependency;
			package = BEE97DAD2DC4A59900C6FC66 /* XCRemoteSwiftPackageReference "Kanna" */;
			productName = Kanna;
		};
/* End XCSwiftPackageProductDependency section */
	};
	rootObject = EFE76C512759EE3B00D89EA6 /* Project object */;
}
